// !$*UTF8*$!
{
	archiveVersion = 1;
	classes = {
	};
	objectVersion = 63;
	objects = {

/* Begin PBXBuildFile section */
		21EF4432A032102C0CD0EE32 /* InsightsSyncService.swift in Sources */ = {isa = PBXBuildFile; fileRef = 0EB04A87A8F120957DB36B31 /* InsightsSyncService.swift */; };
		2F636B03872F5C203AED18F0 /* EnergyTracker.swift in Sources */ = {isa = PBXBuildFile; fileRef = 8318261405BB22A0FAD1E026 /* EnergyTracker.swift */; };
		324A5A6A5BC0F0279CA7F937 /* APIClient.swift in Sources */ = {isa = PBXBuildFile; fileRef = 627DF30EF7B4BA47E7815BCC /* APIClient.swift */; };
		5B5D575967A5E13E5BD0D85F /* AirFitApp.swift in Sources */ = {isa = PBXBuildFile; fileRef = 6D132DFA57B215A0C7FB9879 /* AirFitApp.swift */; };
		6ECD5931F6D6667C42AF897C /* HealthKitManager.swift in Sources */ = {isa = PBXBuildFile; fileRef = B04A21AB4B5231F3CA0D143D /* HealthKitManager.swift */; };
		ACF4495DBF2C515D013D5FD2 /* InsightsView.swift in Sources */ = {isa = PBXBuildFile; fileRef = F01242E69E6E9A4DDC52B127 /* InsightsView.swift */; };
		C31A340552E9F54B10916EFF /* NutritionView.swift in Sources */ = {isa = PBXBuildFile; fileRef = C30161396CA868137F0A8528 /* NutritionView.swift */; };
		D5115F385A38D1C9F713ABF1 /* Message.swift in Sources */ = {isa = PBXBuildFile; fileRef = 44B1A40DB3222DE9F29DB911 /* Message.swift */; };
		E502A7BA87DBCD2F936EFB99 /* NutritionEntry.swift in Sources */ = {isa = PBXBuildFile; fileRef = 534886752F052D311D77F40F /* NutritionEntry.swift */; };
		F1BAD78EBD0D15FA961D6063 /* ChatView.swift in Sources */ = {isa = PBXBuildFile; fileRef = 3E185281D3C137B2FC191DF3 /* ChatView.swift */; };
		'PROFILE987654321FEDCBA01' = {isa = PBXBuildFile; fileRef = PROFILE123456789ABCDEF01; };
		'SPEECH123456789ABCDEF02' = {isa = PBXBuildFile; fileRef = SPEECH123456789ABCDEF01; };
		'VOICE0123456789ABCDEF02' = {isa = PBXBuildFile; fileRef = VOICE0123456789ABCDEF01; };
/* End PBXBuildFile section */

/* Begin PBXFileReference section */
		0EB04A87A8F120957DB36B31 /* InsightsSyncService.swift */ = {isa = PBXFileReference; lastKnownFileType = sourcecode.swift; name = InsightsSyncService.swift; path = AirFit/Services/InsightsSyncService.swift; sourceTree = SOURCE_ROOT; };
		3E185281D3C137B2FC191DF3 /* ChatView.swift */ = {isa = PBXFileReference; lastKnownFileType = sourcecode.swift; path = ChatView.swift; sourceTree = "<group>"; };
		44B1A40DB3222DE9F29DB911 /* Message.swift */ = {isa = PBXFileReference; lastKnownFileType = sourcecode.swift; path = Message.swift; sourceTree = "<group>"; };
		534886752F052D311D77F40F /* NutritionEntry.swift */ = {isa = PBXFileReference; lastKnownFileType = sourcecode.swift; path = NutritionEntry.swift; sourceTree = "<group>"; };
		586E5425AC0598693D6C2256 /* AirFit.app */ = {isa = PBXFileReference; explicitFileType = wrapper.application; includeInIndex = 0; path = AirFit.app; sourceTree = BUILT_PRODUCTS_DIR; };
		627DF30EF7B4BA47E7815BCC /* APIClient.swift */ = {isa = PBXFileReference; lastKnownFileType = sourcecode.swift; path = APIClient.swift; sourceTree = "<group>"; };
		6D132DFA57B215A0C7FB9879 /* AirFitApp.swift */ = {isa = PBXFileReference; lastKnownFileType = sourcecode.swift; path = AirFitApp.swift; sourceTree = "<group>"; };
		8318261405BB22A0FAD1E026 /* EnergyTracker.swift */ = {isa = PBXFileReference; lastKnownFileType = sourcecode.swift; path = EnergyTracker.swift; sourceTree = "<group>"; };
		B04A21AB4B5231F3CA0D143D /* HealthKitManager.swift */ = {isa = PBXFileReference; lastKnownFileType = sourcecode.swift; path = HealthKitManager.swift; sourceTree = "<group>"; };
		C30161396CA868137F0A8528 /* NutritionView.swift */ = {isa = PBXFileReference; lastKnownFileType = sourcecode.swift; path = NutritionView.swift; sourceTree = "<group>"; };
		F01242E69E6E9A4DDC52B127 /* InsightsView.swift */ = {isa = PBXFileReference; lastKnownFileType = sourcecode.swift; name = InsightsView.swift; path = AirFit/Views/InsightsView.swift; sourceTree = SOURCE_ROOT; };
		'PROFILE123456789ABCDEF01' = {isa = PBXFileReference; lastKnownFileType = sourcecode.swift; path = ProfileView.swift; sourceTree = "<group>"; };
		'SPEECH123456789ABCDEF01' = {isa = PBXFileReference; lastKnownFileType = sourcecode.swift; path = SpeechRecognizer.swift; sourceTree = "<group>"; };
		'VOICE0123456789ABCDEF01' = {isa = PBXFileReference; lastKnownFileType = sourcecode.swift; path = VoiceOverlay.swift; sourceTree = "<group>"; };
/* End PBXFileReference section */

/* Begin PBXGroup section */
		18F8D615CC2F2CCCBB7AC744 /* App */ = {
			isa = PBXGroup;
			children = (
				6D132DFA57B215A0C7FB9879 /* AirFitApp.swift */,
			);
			path = App;
			sourceTree = "<group>";
		};
		260578D67D53CD17A0FDC8B0 /* Models */ = {
			isa = PBXGroup;
			children = (
				44B1A40DB3222DE9F29DB911 /* Message.swift */,
				534886752F052D311D77F40F /* NutritionEntry.swift */,
			);
			path = Models;
			sourceTree = "<group>";
		};
		4D3AC59DDA3AFE3234212248 /* Services */ = {
			isa = PBXGroup;
			children = (
				627DF30EF7B4BA47E7815BCC /* APIClient.swift */,
				8318261405BB22A0FAD1E026 /* EnergyTracker.swift */,
				B04A21AB4B5231F3CA0D143D /* HealthKitManager.swift */,
				SPEECH123456789ABCDEF01,
			);
			path = Services;
			sourceTree = "<group>";
		};
		52FE9A950EE5B68C9594BF79 = {
			isa = PBXGroup;
			children = (
				D2AB432B78CE0A77B5E836FF /* AirFit */,
				8726EB0B227738D2959722FE /* Products */,
				F01242E69E6E9A4DDC52B127 /* InsightsView.swift */,
				0EB04A87A8F120957DB36B31 /* InsightsSyncService.swift */,
			);
			sourceTree = "<group>";
		};
		8726EB0B227738D2959722FE /* Products */ = {
			isa = PBXGroup;
			children = (
				586E5425AC0598693D6C2256 /* AirFit.app */,
			);
			name = Products;
			sourceTree = "<group>";
		};
		AF9F1C06B73A0B0688A95A63 /* Views */ = {
			isa = PBXGroup;
			children = (
				3E185281D3C137B2FC191DF3 /* ChatView.swift */,
				C30161396CA868137F0A8528 /* NutritionView.swift */,
				PROFILE123456789ABCDEF01,
				VOICE0123456789ABCDEF01,
			);
			path = Views;
			sourceTree = "<group>";
		};
		D2AB432B78CE0A77B5E836FF /* AirFit */ = {
			isa = PBXGroup;
			children = (
				18F8D615CC2F2CCCBB7AC744 /* App */,
				260578D67D53CD17A0FDC8B0 /* Models */,
				4D3AC59DDA3AFE3234212248 /* Services */,
				AF9F1C06B73A0B0688A95A63 /* Views */,
			);
			path = AirFit;
			sourceTree = "<group>";
		};
/* End PBXGroup section */

/* Begin PBXNativeTarget section */
		E069A004596F5A1F5CADCE09 /* AirFit */ = {
			isa = PBXNativeTarget;
			buildConfigurationList = B21A214DF8B8953D2E964C3C /* Build configuration list for PBXNativeTarget "AirFit" */;
			buildPhases = (
				93849077ACDC8B616B3590D8 /* Sources */,
			);
			buildRules = (
			);
			dependencies = (
			);
			name = AirFit;
			packageProductDependencies = (
			);
			productName = AirFit;
			productReference = 586E5425AC0598693D6C2256 /* AirFit.app */;
			productType = "com.apple.product-type.application";
		};
/* End PBXNativeTarget section */

/* Begin PBXProject section */
		4DE6950C247E7BED46A7B7FC /* Project object */ = {
			isa = PBXProject;
			attributes = {
				BuildIndependentTargetsInParallel = YES;
				LastUpgradeCheck = 2610;
				TargetAttributes = {
					E069A004596F5A1F5CADCE09 = {
						DevelopmentTeam = 2H43Q8Y3CR;
						ProvisioningStyle = Automatic;
					};
				};
			};
			buildConfigurationList = 0CAF143C94D8CC3670077696 /* Build configuration list for PBXProject "AirFit" */;
			compatibilityVersion = "Xcode 14.0";
			developmentRegion = en;
			hasScannedForEncodings = 0;
			knownRegions = (
				Base,
				en,
			);
			mainGroup = 52FE9A950EE5B68C9594BF79;
			minimizedProjectReferenceProxies = 1;
			projectDirPath = "";
			projectRoot = "";
			targets = (
				E069A004596F5A1F5CADCE09 /* AirFit */,
			);
		};
/* End PBXProject section */

/* Begin PBXSourcesBuildPhase section */
		93849077ACDC8B616B3590D8 /* Sources */ = {
			isa = PBXSourcesBuildPhase;
			buildActionMask = 2147483647;
			files = (
				324A5A6A5BC0F0279CA7F937 /* APIClient.swift in Sources */,
				5B5D575967A5E13E5BD0D85F /* AirFitApp.swift in Sources */,
				F1BAD78EBD0D15FA961D6063 /* ChatView.swift in Sources */,
				2F636B03872F5C203AED18F0 /* EnergyTracker.swift in Sources */,
				6ECD5931F6D6667C42AF897C /* HealthKitManager.swift in Sources */,
				D5115F385A38D1C9F713ABF1 /* Message.swift in Sources */,
				E502A7BA87DBCD2F936EFB99 /* NutritionEntry.swift in Sources */,
				C31A340552E9F54B10916EFF /* NutritionView.swift in Sources */,
				PROFILE987654321FEDCBA01,
				SPEECH123456789ABCDEF02,
				VOICE0123456789ABCDEF02,
				ACF4495DBF2C515D013D5FD2 /* InsightsView.swift in Sources */,
				21EF4432A032102C0CD0EE32 /* InsightsSyncService.swift in Sources */,
			);
			runOnlyForDeploymentPostprocessing = 0;
		};
/* End PBXSourcesBuildPhase section */

/* Begin XCBuildConfiguration section */
		0FCF1B23D945E894595DF0DA /* Release */ = {
			isa = XCBuildConfiguration;
			buildSettings = {
				ASSETCATALOG_COMPILER_APPICON_NAME = AppIcon;
				ASSETCATALOG_COMPILER_GLOBAL_ACCENT_COLOR_NAME = AccentColor;
				CODE_SIGN_ENTITLEMENTS = AirFit/AirFit.entitlements;
				CODE_SIGN_IDENTITY = "iPhone Developer";
				CODE_SIGN_STYLE = Automatic;
				INFOPLIST_FILE = AirFit/Info.plist;
				LD_RUNPATH_SEARCH_PATHS = (
					"$(inherited)",
					"@executable_path/Frameworks",
				);
				PRODUCT_BUNDLE_IDENTIFIER = com.airfit.app;
				SDKROOT = iphoneos;
				TARGETED_DEVICE_FAMILY = 1;
			};
			name = Release;
		};
		1D71CD6D821D6C6626D4289D /* Release */ = {
			isa = XCBuildConfiguration;
			buildSettings = {
				ALWAYS_SEARCH_USER_PATHS = NO;
				ASSETCATALOG_COMPILER_GENERATE_SWIFT_ASSET_SYMBOL_EXTENSIONS = YES;
				CLANG_ANALYZER_NONNULL = YES;
				CLANG_ANALYZER_NUMBER_OBJECT_CONVERSION = YES_AGGRESSIVE;
				CLANG_CXX_LANGUAGE_STANDARD = "gnu++14";
				CLANG_CXX_LIBRARY = "libc++";
				CLANG_ENABLE_MODULES = YES;
				CLANG_ENABLE_OBJC_ARC = YES;
				CLANG_ENABLE_OBJC_WEAK = YES;
				CLANG_WARN_BLOCK_CAPTURE_AUTORELEASING = YES;
				CLANG_WARN_BOOL_CONVERSION = YES;
				CLANG_WARN_COMMA = YES;
				CLANG_WARN_CONSTANT_CONVERSION = YES;
				CLANG_WARN_DEPRECATED_OBJC_IMPLEMENTATIONS = YES;
				CLANG_WARN_DIRECT_OBJC_ISA_USAGE = YES_ERROR;
				CLANG_WARN_DOCUMENTATION_COMMENTS = YES;
				CLANG_WARN_EMPTY_BODY = YES;
				CLANG_WARN_ENUM_CONVERSION = YES;
				CLANG_WARN_INFINITE_RECURSION = YES;
				CLANG_WARN_INT_CONVERSION = YES;
				CLANG_WARN_NON_LITERAL_NULL_CONVERSION = YES;
				CLANG_WARN_OBJC_IMPLICIT_RETAIN_SELF = YES;
				CLANG_WARN_OBJC_LITERAL_CONVERSION = YES;
				CLANG_WARN_OBJC_ROOT_CLASS = YES_ERROR;
				CLANG_WARN_QUOTED_INCLUDE_IN_FRAMEWORK_HEADER = YES;
				CLANG_WARN_RANGE_LOOP_ANALYSIS = YES;
				CLANG_WARN_STRICT_PROTOTYPES = YES;
				CLANG_WARN_SUSPICIOUS_MOVE = YES;
				CLANG_WARN_UNGUARDED_AVAILABILITY = YES_AGGRESSIVE;
				CLANG_WARN_UNREACHABLE_CODE = YES;
				CLANG_WARN__DUPLICATE_METHOD_MATCH = YES;
				COPY_PHASE_STRIP = NO;
				DEAD_CODE_STRIPPING = YES;
				DEBUG_INFORMATION_FORMAT = "dwarf-with-dsym";
				DEVELOPMENT_TEAM = 2H43Q8Y3CR;
				ENABLE_NS_ASSERTIONS = NO;
				ENABLE_STRICT_CONCURRENCY = YES;
				ENABLE_STRICT_OBJC_MSGSEND = YES;
				ENABLE_USER_SCRIPT_SANDBOXING = YES;
				GCC_C_LANGUAGE_STANDARD = gnu11;
				GCC_NO_COMMON_BLOCKS = YES;
				GCC_WARN_64_TO_32_BIT_CONVERSION = YES;
				GCC_WARN_ABOUT_RETURN_TYPE = YES_ERROR;
				GCC_WARN_UNDECLARED_SELECTOR = YES;
				GCC_WARN_UNINITIALIZED_AUTOS = YES_AGGRESSIVE;
				GCC_WARN_UNUSED_FUNCTION = YES;
				GCC_WARN_UNUSED_VARIABLE = YES;
				IPHONEOS_DEPLOYMENT_TARGET = 17.0;
				MTL_ENABLE_DEBUG_INFO = NO;
				MTL_FAST_MATH = YES;
				PRODUCT_NAME = "$(TARGET_NAME)";
				SDKROOT = iphoneos;
				STRING_CATALOG_GENERATE_SYMBOLS = YES;
				SWIFT_COMPILATION_MODE = wholemodule;
				SWIFT_OPTIMIZATION_LEVEL = "-O";
				SWIFT_STRICT_CONCURRENCY = complete;
				SWIFT_VERSION = 6.0;
			};
			name = Release;
		};
		A169A66BC5588FF738EE1DF1 /* Debug */ = {
			isa = XCBuildConfiguration;
			buildSettings = {
				ALWAYS_SEARCH_USER_PATHS = NO;
				ASSETCATALOG_COMPILER_GENERATE_SWIFT_ASSET_SYMBOL_EXTENSIONS = YES;
				CLANG_ANALYZER_NONNULL = YES;
				CLANG_ANALYZER_NUMBER_OBJECT_CONVERSION = YES_AGGRESSIVE;
				CLANG_CXX_LANGUAGE_STANDARD = "gnu++14";
				CLANG_CXX_LIBRARY = "libc++";
				CLANG_ENABLE_MODULES = YES;
				CLANG_ENABLE_OBJC_ARC = YES;
				CLANG_ENABLE_OBJC_WEAK = YES;
				CLANG_WARN_BLOCK_CAPTURE_AUTORELEASING = YES;
				CLANG_WARN_BOOL_CONVERSION = YES;
				CLANG_WARN_COMMA = YES;
				CLANG_WARN_CONSTANT_CONVERSION = YES;
				CLANG_WARN_DEPRECATED_OBJC_IMPLEMENTATIONS = YES;
				CLANG_WARN_DIRECT_OBJC_ISA_USAGE = YES_ERROR;
				CLANG_WARN_DOCUMENTATION_COMMENTS = YES;
				CLANG_WARN_EMPTY_BODY = YES;
				CLANG_WARN_ENUM_CONVERSION = YES;
				CLANG_WARN_INFINITE_RECURSION = YES;
				CLANG_WARN_INT_CONVERSION = YES;
				CLANG_WARN_NON_LITERAL_NULL_CONVERSION = YES;
				CLANG_WARN_OBJC_IMPLICIT_RETAIN_SELF = YES;
				CLANG_WARN_OBJC_LITERAL_CONVERSION = YES;
				CLANG_WARN_OBJC_ROOT_CLASS = YES_ERROR;
				CLANG_WARN_QUOTED_INCLUDE_IN_FRAMEWORK_HEADER = YES;
				CLANG_WARN_RANGE_LOOP_ANALYSIS = YES;
				CLANG_WARN_STRICT_PROTOTYPES = YES;
				CLANG_WARN_SUSPICIOUS_MOVE = YES;
				CLANG_WARN_UNGUARDED_AVAILABILITY = YES_AGGRESSIVE;
				CLANG_WARN_UNREACHABLE_CODE = YES;
				CLANG_WARN__DUPLICATE_METHOD_MATCH = YES;
				COPY_PHASE_STRIP = NO;
				DEAD_CODE_STRIPPING = YES;
				DEBUG_INFORMATION_FORMAT = dwarf;
				DEVELOPMENT_TEAM = 2H43Q8Y3CR;
				ENABLE_STRICT_CONCURRENCY = YES;
				ENABLE_STRICT_OBJC_MSGSEND = YES;
				ENABLE_TESTABILITY = YES;
				ENABLE_USER_SCRIPT_SANDBOXING = YES;
				GCC_C_LANGUAGE_STANDARD = gnu11;
				GCC_DYNAMIC_NO_PIC = NO;
				GCC_NO_COMMON_BLOCKS = YES;
				GCC_OPTIMIZATION_LEVEL = 0;
				GCC_PREPROCESSOR_DEFINITIONS = (
					"$(inherited)",
					"DEBUG=1",
				);
				GCC_WARN_64_TO_32_BIT_CONVERSION = YES;
				GCC_WARN_ABOUT_RETURN_TYPE = YES_ERROR;
				GCC_WARN_UNDECLARED_SELECTOR = YES;
				GCC_WARN_UNINITIALIZED_AUTOS = YES_AGGRESSIVE;
				GCC_WARN_UNUSED_FUNCTION = YES;
				GCC_WARN_UNUSED_VARIABLE = YES;
				IPHONEOS_DEPLOYMENT_TARGET = 17.0;
				MTL_ENABLE_DEBUG_INFO = INCLUDE_SOURCE;
				MTL_FAST_MATH = YES;
				ONLY_ACTIVE_ARCH = YES;
				PRODUCT_NAME = "$(TARGET_NAME)";
				SDKROOT = iphoneos;
				STRING_CATALOG_GENERATE_SYMBOLS = YES;
				SWIFT_ACTIVE_COMPILATION_CONDITIONS = DEBUG;
				SWIFT_OPTIMIZATION_LEVEL = "-Onone";
				SWIFT_STRICT_CONCURRENCY = complete;
				SWIFT_VERSION = 6.0;
			};
			name = Debug;
		};
		BEFD4C267D3271432D02C57B /* Debug */ = {
			isa = XCBuildConfiguration;
			buildSettings = {
				ASSETCATALOG_COMPILER_APPICON_NAME = AppIcon;
				ASSETCATALOG_COMPILER_GLOBAL_ACCENT_COLOR_NAME = AccentColor;
				CODE_SIGN_ENTITLEMENTS = AirFit/AirFit.entitlements;
				CODE_SIGN_IDENTITY = "iPhone Developer";
				CODE_SIGN_STYLE = Automatic;
				INFOPLIST_FILE = AirFit/Info.plist;
				LD_RUNPATH_SEARCH_PATHS = (
					"$(inherited)",
					"@executable_path/Frameworks",
				);
				PRODUCT_BUNDLE_IDENTIFIER = com.airfit.app;
				SDKROOT = iphoneos;
				TARGETED_DEVICE_FAMILY = 1;
			};
			name = Debug;
		};
/* End XCBuildConfiguration section */

/* Begin XCConfigurationList section */
		0CAF143C94D8CC3670077696 /* Build configuration list for PBXProject "AirFit" */ = {
			isa = XCConfigurationList;
			buildConfigurations = (
				A169A66BC5588FF738EE1DF1 /* Debug */,
				1D71CD6D821D6C6626D4289D /* Release */,
			);
			defaultConfigurationIsVisible = 0;
			defaultConfigurationName = Debug;
		};
		B21A214DF8B8953D2E964C3C /* Build configuration list for PBXNativeTarget "AirFit" */ = {
			isa = XCConfigurationList;
			buildConfigurations = (
				BEFD4C267D3271432D02C57B /* Debug */,
				0FCF1B23D945E894595DF0DA /* Release */,
			);
			defaultConfigurationIsVisible = 0;
			defaultConfigurationName = Debug;
		};
/* End XCConfigurationList section */
	};
	rootObject = 4DE6950C247E7BED46A7B7FC /* Project object */;
}
