// !$*UTF8*$!
{
	archiveVersion = 1;
	classes = {
	};
	objectVersion = 54;
	objects = {

/* Begin PBXBuildFile section */
		0460671DEC39FF9F8402A71C /* NutritionActivityAttributes.swift in Sources */ = {isa = PBXBuildFile; fileRef = B157438F022A812EF8F8809C /* NutritionActivityAttributes.swift */; };
		0890ADE661871EDA02A1AE9E /* NotificationManager.swift in Sources */ = {isa = PBXBuildFile; fileRef = E9B044AF8CB3DAEBE3CD44E7 /* NotificationManager.swift */; };
		192D58EF9C1A5E2F6576DCC9 /* MetricRow.swift in Sources */ = {isa = PBXBuildFile; fileRef = D9AFE115B10E4507A5D8D3C6 /* MetricRow.swift */; };
		1FD926055A68B0B34091D4D3 /* DashboardView.swift in Sources */ = {isa = PBXBuildFile; fileRef = DD342DCDC0B816522BF4CBB5 /* DashboardView.swift */; };
		2F636B03872F5C203AED18F0 /* EnergyTracker.swift in Sources */ = {isa = PBXBuildFile; fileRef = 8318261405BB22A0FAD1E026 /* EnergyTracker.swift */; };
		2F774BF6C47671E511B6B773 /* AutoSyncManager.swift in Sources */ = {isa = PBXBuildFile; fileRef = D8960CA7CDD4E1BF043AB02F /* AutoSyncManager.swift */; };
		324A5A6A5BC0F0279CA7F937 /* APIClient.swift in Sources */ = {isa = PBXBuildFile; fileRef = 627DF30EF7B4BA47E7815BCC /* APIClient.swift */; };
		34AA5C3E6187B5499E129179 /* InsightsSyncService.swift in Sources */ = {isa = PBXBuildFile; fileRef = 104CBEBAFE2CC36C1764F33A /* InsightsSyncService.swift */; };
		396815211144E101BCA78207 /* InsightsView.swift in Sources */ = {isa = PBXBuildFile; fileRef = 21D6A0C602D3EAFB82999F14 /* InsightsView.swift */; };
		5B5D575967A5E13E5BD0D85F /* AirFitApp.swift in Sources */ = {isa = PBXBuildFile; fileRef = 6D132DFA57B215A0C7FB9879 /* AirFitApp.swift */; };
		5CFF5B6206AE30EE14831048 /* ConfettiView.swift in Sources */ = {isa = PBXBuildFile; fileRef = A201180BB2B4BCEB99918CAC /* ConfettiView.swift */; };
		6B5FE3A95BDF52242D65ACA6 /* Theme.swift in Sources */ = {isa = PBXBuildFile; fileRef = F20158F11AF627B20A77D9C6 /* Theme.swift */; };
		6ECD5931F6D6667C42AF897C /* HealthKitManager.swift in Sources */ = {isa = PBXBuildFile; fileRef = B04A21AB4B5231F3CA0D143D /* HealthKitManager.swift */; };
		87E07F9A83E5D34B7BD468AF /* Assets.xcassets in Resources */ = {isa = PBXBuildFile; fileRef = FC86873D36371527B00B0A75 /* Assets.xcassets */; };
		881914D28C3DCB773782EFB0 /* WorkoutDetailSheet.swift in Sources */ = {isa = PBXBuildFile; fileRef = EE61BAFE50B260778B9855A3 /* WorkoutDetailSheet.swift */; };
		A52412FEB692B9B64D902DA7 /* SpeechRecognizer.swift in Sources */ = {isa = PBXBuildFile; fileRef = D1D0F48138B611B89DE036DD /* SpeechRecognizer.swift */; };
		C31A340552E9F54B10916EFF /* NutritionView.swift in Sources */ = {isa = PBXBuildFile; fileRef = C30161396CA868137F0A8528 /* NutritionView.swift */; };
		C56C44C474AE54A74ABA7B8A /* VoiceOverlay.swift in Sources */ = {isa = PBXBuildFile; fileRef = 03FC2ED7315A4A5FD82AE857 /* VoiceOverlay.swift */; };
		C7B7FB34E26FFFC6F14DC3B1 /* InteractiveChartView.swift in Sources */ = {isa = PBXBuildFile; fileRef = CCFF0484C993FCB05EC98F13 /* InteractiveChartView.swift */; };
		D2C2E5A689DCE8189A98462F /* MiniSparkline.swift in Sources */ = {isa = PBXBuildFile; fileRef = 159333A4C593F781D6AC0D79 /* MiniSparkline.swift */; };
		D5115F385A38D1C9F713ABF1 /* Message.swift in Sources */ = {isa = PBXBuildFile; fileRef = 44B1A40DB3222DE9F29DB911 /* Message.swift */; };
		E04B84D8E03AF2B6CBB208B6 /* BodyView.swift in Sources */ = {isa = PBXBuildFile; fileRef = 07E6910E70A0A2F0AAA34E2C /* BodyView.swift */; };
		E502A7BA87DBCD2F936EFB99 /* NutritionEntry.swift in Sources */ = {isa = PBXBuildFile; fileRef = 534886752F052D311D77F40F /* NutritionEntry.swift */; };
		E7B34C651A0162B34083126C /* TrainingView.swift in Sources */ = {isa = PBXBuildFile; fileRef = EA200E34BD9B55997233231D /* TrainingView.swift */; };
		F1097D3E7D73A94986E2632C /* ProfileView.swift in Sources */ = {isa = PBXBuildFile; fileRef = FC2E94E3F09FB50E4140F437 /* ProfileView.swift */; };
		F1BAD78EBD0D15FA961D6063 /* ChatView.swift in Sources */ = {isa = PBXBuildFile; fileRef = 3E185281D3C137B2FC191DF3 /* ChatView.swift */; };
		F781A1F820AE0829D3E6515F /* LiveActivityManager.swift in Sources */ = {isa = PBXBuildFile; fileRef = F433FE4F7C2C763AB6854121 /* LiveActivityManager.swift */; };
/* End PBXBuildFile section */

/* Begin PBXFileReference section */
		03FC2ED7315A4A5FD82AE857 /* VoiceOverlay.swift */ = {isa = PBXFileReference; lastKnownFileType = sourcecode.swift; path = VoiceOverlay.swift; sourceTree = "<group>"; };
		07E6910E70A0A2F0AAA34E2C /* BodyView.swift */ = {isa = PBXFileReference; lastKnownFileType = sourcecode.swift; path = BodyView.swift; sourceTree = "<group>"; };
		104CBEBAFE2CC36C1764F33A /* InsightsSyncService.swift */ = {isa = PBXFileReference; lastKnownFileType = sourcecode.swift; path = InsightsSyncService.swift; sourceTree = "<group>"; };
		159333A4C593F781D6AC0D79 /* MiniSparkline.swift */ = {isa = PBXFileReference; lastKnownFileType = sourcecode.swift; path = MiniSparkline.swift; sourceTree = "<group>"; };
		21D6A0C602D3EAFB82999F14 /* InsightsView.swift */ = {isa = PBXFileReference; lastKnownFileType = sourcecode.swift; path = InsightsView.swift; sourceTree = "<group>"; };
		3E185281D3C137B2FC191DF3 /* ChatView.swift */ = {isa = PBXFileReference; lastKnownFileType = sourcecode.swift; path = ChatView.swift; sourceTree = "<group>"; };
		44B1A40DB3222DE9F29DB911 /* Message.swift */ = {isa = PBXFileReference; lastKnownFileType = sourcecode.swift; path = Message.swift; sourceTree = "<group>"; };
		534886752F052D311D77F40F /* NutritionEntry.swift */ = {isa = PBXFileReference; lastKnownFileType = sourcecode.swift; path = NutritionEntry.swift; sourceTree = "<group>"; };
		586E5425AC0598693D6C2256 /* AirFit.app */ = {isa = PBXFileReference; includeInIndex = 0; lastKnownFileType = wrapper.application; path = AirFit.app; sourceTree = BUILT_PRODUCTS_DIR; };
		627DF30EF7B4BA47E7815BCC /* APIClient.swift */ = {isa = PBXFileReference; lastKnownFileType = sourcecode.swift; path = APIClient.swift; sourceTree = "<group>"; };
		6D132DFA57B215A0C7FB9879 /* AirFitApp.swift */ = {isa = PBXFileReference; lastKnownFileType = sourcecode.swift; path = AirFitApp.swift; sourceTree = "<group>"; };
		8318261405BB22A0FAD1E026 /* EnergyTracker.swift */ = {isa = PBXFileReference; lastKnownFileType = sourcecode.swift; path = EnergyTracker.swift; sourceTree = "<group>"; };
		A201180BB2B4BCEB99918CAC /* ConfettiView.swift */ = {isa = PBXFileReference; lastKnownFileType = sourcecode.swift; path = ConfettiView.swift; sourceTree = "<group>"; };
		B04A21AB4B5231F3CA0D143D /* HealthKitManager.swift */ = {isa = PBXFileReference; lastKnownFileType = sourcecode.swift; path = HealthKitManager.swift; sourceTree = "<group>"; };
		B157438F022A812EF8F8809C /* NutritionActivityAttributes.swift */ = {isa = PBXFileReference; lastKnownFileType = sourcecode.swift; path = NutritionActivityAttributes.swift; sourceTree = "<group>"; };
		C30161396CA868137F0A8528 /* NutritionView.swift */ = {isa = PBXFileReference; lastKnownFileType = sourcecode.swift; path = NutritionView.swift; sourceTree = "<group>"; };
		CCFF0484C993FCB05EC98F13 /* InteractiveChartView.swift */ = {isa = PBXFileReference; lastKnownFileType = sourcecode.swift; path = InteractiveChartView.swift; sourceTree = "<group>"; };
		D1D0F48138B611B89DE036DD /* SpeechRecognizer.swift */ = {isa = PBXFileReference; lastKnownFileType = sourcecode.swift; path = SpeechRecognizer.swift; sourceTree = "<group>"; };
		D8960CA7CDD4E1BF043AB02F /* AutoSyncManager.swift */ = {isa = PBXFileReference; lastKnownFileType = sourcecode.swift; path = AutoSyncManager.swift; sourceTree = "<group>"; };
		D9AFE115B10E4507A5D8D3C6 /* MetricRow.swift */ = {isa = PBXFileReference; lastKnownFileType = sourcecode.swift; path = MetricRow.swift; sourceTree = "<group>"; };
		DD342DCDC0B816522BF4CBB5 /* DashboardView.swift */ = {isa = PBXFileReference; lastKnownFileType = sourcecode.swift; path = DashboardView.swift; sourceTree = "<group>"; };
		E9B044AF8CB3DAEBE3CD44E7 /* NotificationManager.swift */ = {isa = PBXFileReference; lastKnownFileType = sourcecode.swift; path = NotificationManager.swift; sourceTree = "<group>"; };
		EA200E34BD9B55997233231D /* TrainingView.swift */ = {isa = PBXFileReference; lastKnownFileType = sourcecode.swift; path = TrainingView.swift; sourceTree = "<group>"; };
		EE61BAFE50B260778B9855A3 /* WorkoutDetailSheet.swift */ = {isa = PBXFileReference; lastKnownFileType = sourcecode.swift; path = WorkoutDetailSheet.swift; sourceTree = "<group>"; };
		F20158F11AF627B20A77D9C6 /* Theme.swift */ = {isa = PBXFileReference; lastKnownFileType = sourcecode.swift; path = Theme.swift; sourceTree = "<group>"; };
		F433FE4F7C2C763AB6854121 /* LiveActivityManager.swift */ = {isa = PBXFileReference; lastKnownFileType = sourcecode.swift; path = LiveActivityManager.swift; sourceTree = "<group>"; };
		FC2E94E3F09FB50E4140F437 /* ProfileView.swift */ = {isa = PBXFileReference; lastKnownFileType = sourcecode.swift; path = ProfileView.swift; sourceTree = "<group>"; };
		FC86873D36371527B00B0A75 /* Assets.xcassets */ = {isa = PBXFileReference; lastKnownFileType = folder.assetcatalog; path = Assets.xcassets; sourceTree = "<group>"; };
/* End PBXFileReference section */

/* Begin PBXGroup section */
		18F8D615CC2F2CCCBB7AC744 /* App */ = {
			isa = PBXGroup;
			children = (
				6D132DFA57B215A0C7FB9879 /* AirFitApp.swift */,
			);
			path = App;
			sourceTree = "<group>";
		};
		260578D67D53CD17A0FDC8B0 /* Models */ = {
			isa = PBXGroup;
			children = (
				44B1A40DB3222DE9F29DB911 /* Message.swift */,
				B157438F022A812EF8F8809C /* NutritionActivityAttributes.swift */,
				534886752F052D311D77F40F /* NutritionEntry.swift */,
			);
			path = Models;
			sourceTree = "<group>";
		};
		4D3AC59DDA3AFE3234212248 /* Services */ = {
			isa = PBXGroup;
			children = (
				627DF30EF7B4BA47E7815BCC /* APIClient.swift */,
				D8960CA7CDD4E1BF043AB02F /* AutoSyncManager.swift */,
				8318261405BB22A0FAD1E026 /* EnergyTracker.swift */,
				B04A21AB4B5231F3CA0D143D /* HealthKitManager.swift */,
				104CBEBAFE2CC36C1764F33A /* InsightsSyncService.swift */,
				F433FE4F7C2C763AB6854121 /* LiveActivityManager.swift */,
				E9B044AF8CB3DAEBE3CD44E7 /* NotificationManager.swift */,
				D1D0F48138B611B89DE036DD /* SpeechRecognizer.swift */,
			);
			path = Services;
			sourceTree = "<group>";
		};
		52FE9A950EE5B68C9594BF79 = {
			isa = PBXGroup;
			children = (
				D2AB432B78CE0A77B5E836FF /* AirFit */,
				8726EB0B227738D2959722FE /* Products */,
			);
			sourceTree = "<group>";
		};
		8726EB0B227738D2959722FE /* Products */ = {
			isa = PBXGroup;
			children = (
				586E5425AC0598693D6C2256 /* AirFit.app */,
			);
			name = Products;
			sourceTree = "<group>";
		};
		AF9F1C06B73A0B0688A95A63 /* Views */ = {
			isa = PBXGroup;
			children = (
				07E6910E70A0A2F0AAA34E2C /* BodyView.swift */,
				3E185281D3C137B2FC191DF3 /* ChatView.swift */,
				DD342DCDC0B816522BF4CBB5 /* DashboardView.swift */,
				21D6A0C602D3EAFB82999F14 /* InsightsView.swift */,
				CCFF0484C993FCB05EC98F13 /* InteractiveChartView.swift */,
				D9AFE115B10E4507A5D8D3C6 /* MetricRow.swift */,
				159333A4C593F781D6AC0D79 /* MiniSparkline.swift */,
				C30161396CA868137F0A8528 /* NutritionView.swift */,
				FC2E94E3F09FB50E4140F437 /* ProfileView.swift */,
				F20158F11AF627B20A77D9C6 /* Theme.swift */,
				EA200E34BD9B55997233231D /* TrainingView.swift */,
				03FC2ED7315A4A5FD82AE857 /* VoiceOverlay.swift */,
				EE61BAFE50B260778B9855A3 /* WorkoutDetailSheet.swift */,
				F2F723C267C62566AE0CCFA7 /* Components */,
			);
			path = Views;
			sourceTree = "<group>";
		};
		D2AB432B78CE0A77B5E836FF /* AirFit */ = {
			isa = PBXGroup;
			children = (
				FC86873D36371527B00B0A75 /* Assets.xcassets */,
				18F8D615CC2F2CCCBB7AC744 /* App */,
				260578D67D53CD17A0FDC8B0 /* Models */,
				4D3AC59DDA3AFE3234212248 /* Services */,
				AF9F1C06B73A0B0688A95A63 /* Views */,
			);
			path = AirFit;
			sourceTree = "<group>";
		};
		F2F723C267C62566AE0CCFA7 /* Components */ = {
			isa = PBXGroup;
			children = (
				A201180BB2B4BCEB99918CAC /* ConfettiView.swift */,
			);
			path = Components;
			sourceTree = "<group>";
		};
/* End PBXGroup section */

/* Begin PBXNativeTarget section */
		E069A004596F5A1F5CADCE09 /* AirFit */ = {
			isa = PBXNativeTarget;
			buildConfigurationList = B21A214DF8B8953D2E964C3C /* Build configuration list for PBXNativeTarget "AirFit" */;
			buildPhases = (
				93849077ACDC8B616B3590D8 /* Sources */,
				C2B3974EC3F8D8C0014CEE15 /* Resources */,
			);
			buildRules = (
			);
			dependencies = (
			);
			name = AirFit;
			packageProductDependencies = (
			);
			productName = AirFit;
			productReference = 586E5425AC0598693D6C2256 /* AirFit.app */;
			productType = "com.apple.product-type.application";
		};
/* End PBXNativeTarget section */

/* Begin PBXProject section */
		4DE6950C247E7BED46A7B7FC /* Project object */ = {
			isa = PBXProject;
			attributes = {
				BuildIndependentTargetsInParallel = YES;
				LastUpgradeCheck = 1600;
				TargetAttributes = {
					E069A004596F5A1F5CADCE09 = {
						DevelopmentTeam = 2H43Q8Y3CR;
						ProvisioningStyle = Automatic;
					};
				};
			};
			buildConfigurationList = 0CAF143C94D8CC3670077696 /* Build configuration list for PBXProject "AirFit" */;
			compatibilityVersion = "Xcode 14.0";
			developmentRegion = en;
			hasScannedForEncodings = 0;
			knownRegions = (
				Base,
				en,
			);
			mainGroup = 52FE9A950EE5B68C9594BF79;
			minimizedProjectReferenceProxies = 1;
			preferredProjectObjectVersion = 54;
			projectDirPath = "";
			projectRoot = "";
			targets = (
				E069A004596F5A1F5CADCE09 /* AirFit */,
			);
		};
/* End PBXProject section */

/* Begin PBXResourcesBuildPhase section */
		C2B3974EC3F8D8C0014CEE15 /* Resources */ = {
			isa = PBXResourcesBuildPhase;
			buildActionMask = 2147483647;
			files = (
				87E07F9A83E5D34B7BD468AF /* Assets.xcassets in Resources */,
			);
			runOnlyForDeploymentPostprocessing = 0;
		};
/* End PBXResourcesBuildPhase section */

/* Begin PBXSourcesBuildPhase section */
		93849077ACDC8B616B3590D8 /* Sources */ = {
			isa = PBXSourcesBuildPhase;
			buildActionMask = 2147483647;
			files = (
				324A5A6A5BC0F0279CA7F937 /* APIClient.swift in Sources */,
				5B5D575967A5E13E5BD0D85F /* AirFitApp.swift in Sources */,
				2F774BF6C47671E511B6B773 /* AutoSyncManager.swift in Sources */,
				E04B84D8E03AF2B6CBB208B6 /* BodyView.swift in Sources */,
				F1BAD78EBD0D15FA961D6063 /* ChatView.swift in Sources */,
				5CFF5B6206AE30EE14831048 /* ConfettiView.swift in Sources */,
				1FD926055A68B0B34091D4D3 /* DashboardView.swift in Sources */,
				2F636B03872F5C203AED18F0 /* EnergyTracker.swift in Sources */,
				6ECD5931F6D6667C42AF897C /* HealthKitManager.swift in Sources */,
				34AA5C3E6187B5499E129179 /* InsightsSyncService.swift in Sources */,
				396815211144E101BCA78207 /* InsightsView.swift in Sources */,
				C7B7FB34E26FFFC6F14DC3B1 /* InteractiveChartView.swift in Sources */,
				F781A1F820AE0829D3E6515F /* LiveActivityManager.swift in Sources */,
				D5115F385A38D1C9F713ABF1 /* Message.swift in Sources */,
				192D58EF9C1A5E2F6576DCC9 /* MetricRow.swift in Sources */,
				D2C2E5A689DCE8189A98462F /* MiniSparkline.swift in Sources */,
				0890ADE661871EDA02A1AE9E /* NotificationManager.swift in Sources */,
				0460671DEC39FF9F8402A71C /* NutritionActivityAttributes.swift in Sources */,
				E502A7BA87DBCD2F936EFB99 /* NutritionEntry.swift in Sources */,
				C31A340552E9F54B10916EFF /* NutritionView.swift in Sources */,
				F1097D3E7D73A94986E2632C /* ProfileView.swift in Sources */,
				A52412FEB692B9B64D902DA7 /* SpeechRecognizer.swift in Sources */,
				6B5FE3A95BDF52242D65ACA6 /* Theme.swift in Sources */,
				E7B34C651A0162B34083126C /* TrainingView.swift in Sources */,
				C56C44C474AE54A74ABA7B8A /* VoiceOverlay.swift in Sources */,
				881914D28C3DCB773782EFB0 /* WorkoutDetailSheet.swift in Sources */,
			);
			runOnlyForDeploymentPostprocessing = 0;
		};
/* End PBXSourcesBuildPhase section */

/* Begin XCBuildConfiguration section */
		0FCF1B23D945E894595DF0DA /* Release */ = {
			isa = XCBuildConfiguration;
			buildSettings = {
				ASSETCATALOG_COMPILER_APPICON_NAME = AppIcon;
				ASSETCATALOG_COMPILER_GLOBAL_ACCENT_COLOR_NAME = AccentColor;
				CODE_SIGN_ENTITLEMENTS = AirFit/AirFit.entitlements;
				CODE_SIGN_IDENTITY = "iPhone Developer";
				CODE_SIGN_STYLE = Automatic;
				DEVELOPMENT_TEAM = 2H43Q8Y3CR;
				INFOPLIST_FILE = AirFit/Info.plist;
				LD_RUNPATH_SEARCH_PATHS = (
					"$(inherited)",
					"@executable_path/Frameworks",
				);
				PRODUCT_BUNDLE_IDENTIFIER = com.airfit.app;
				SDKROOT = iphoneos;
				TARGETED_DEVICE_FAMILY = 1;
			};
			name = Release;
		};
		1D71CD6D821D6C6626D4289D /* Release */ = {
			isa = XCBuildConfiguration;
			buildSettings = {
				ALWAYS_SEARCH_USER_PATHS = NO;
				CLANG_ANALYZER_NONNULL = YES;
				CLANG_ANALYZER_NUMBER_OBJECT_CONVERSION = YES_AGGRESSIVE;
				CLANG_CXX_LANGUAGE_STANDARD = "gnu++14";
				CLANG_CXX_LIBRARY = "libc++";
				CLANG_ENABLE_MODULES = YES;
				CLANG_ENABLE_OBJC_ARC = YES;
				CLANG_ENABLE_OBJC_WEAK = YES;
				CLANG_WARN_BLOCK_CAPTURE_AUTORELEASING = YES;
				CLANG_WARN_BOOL_CONVERSION = YES;
				CLANG_WARN_COMMA = YES;
				CLANG_WARN_CONSTANT_CONVERSION = YES;
				CLANG_WARN_DEPRECATED_OBJC_IMPLEMENTATIONS = YES;
				CLANG_WARN_DIRECT_OBJC_ISA_USAGE = YES_ERROR;
				CLANG_WARN_DOCUMENTATION_COMMENTS = YES;
				CLANG_WARN_EMPTY_BODY = YES;
				CLANG_WARN_ENUM_CONVERSION = YES;
				CLANG_WARN_INFINITE_RECURSION = YES;
				CLANG_WARN_INT_CONVERSION = YES;
				CLANG_WARN_NON_LITERAL_NULL_CONVERSION = YES;
				CLANG_WARN_OBJC_IMPLICIT_RETAIN_SELF = YES;
				CLANG_WARN_OBJC_LITERAL_CONVERSION = YES;
				CLANG_WARN_OBJC_ROOT_CLASS = YES_ERROR;
				CLANG_WARN_QUOTED_INCLUDE_IN_FRAMEWORK_HEADER = YES;
				CLANG_WARN_RANGE_LOOP_ANALYSIS = YES;
				CLANG_WARN_STRICT_PROTOTYPES = YES;
				CLANG_WARN_SUSPICIOUS_MOVE = YES;
				CLANG_WARN_UNGUARDED_AVAILABILITY = YES_AGGRESSIVE;
				CLANG_WARN_UNREACHABLE_CODE = YES;
				CLANG_WARN__DUPLICATE_METHOD_MATCH = YES;
				COPY_PHASE_STRIP = NO;
				DEAD_CODE_STRIPPING = YES;
				DEBUG_INFORMATION_FORMAT = "dwarf-with-dsym";
				ENABLE_NS_ASSERTIONS = NO;
				ENABLE_STRICT_CONCURRENCY = YES;
				ENABLE_STRICT_OBJC_MSGSEND = YES;
				GCC_C_LANGUAGE_STANDARD = gnu11;
				GCC_NO_COMMON_BLOCKS = YES;
				GCC_WARN_64_TO_32_BIT_CONVERSION = YES;
				GCC_WARN_ABOUT_RETURN_TYPE = YES_ERROR;
				GCC_WARN_UNDECLARED_SELECTOR = YES;
				GCC_WARN_UNINITIALIZED_AUTOS = YES_AGGRESSIVE;
				GCC_WARN_UNUSED_FUNCTION = YES;
				GCC_WARN_UNUSED_VARIABLE = YES;
				IPHONEOS_DEPLOYMENT_TARGET = 17.0;
				MTL_ENABLE_DEBUG_INFO = NO;
				MTL_FAST_MATH = YES;
				PRODUCT_NAME = "$(TARGET_NAME)";
				SDKROOT = iphoneos;
				SWIFT_COMPILATION_MODE = wholemodule;
				SWIFT_OPTIMIZATION_LEVEL = "-O";
				SWIFT_STRICT_CONCURRENCY = complete;
				SWIFT_VERSION = 6.0;
			};
			name = Release;
		};
		A169A66BC5588FF738EE1DF1 /* Debug */ = {
			isa = XCBuildConfiguration;
			buildSettings = {
				ALWAYS_SEARCH_USER_PATHS = NO;
				CLANG_ANALYZER_NONNULL = YES;
				CLANG_ANALYZER_NUMBER_OBJECT_CONVERSION = YES_AGGRESSIVE;
				CLANG_CXX_LANGUAGE_STANDARD = "gnu++14";
				CLANG_CXX_LIBRARY = "libc++";
				CLANG_ENABLE_MODULES = YES;
				CLANG_ENABLE_OBJC_ARC = YES;
				CLANG_ENABLE_OBJC_WEAK = YES;
				CLANG_WARN_BLOCK_CAPTURE_AUTORELEASING = YES;
				CLANG_WARN_BOOL_CONVERSION = YES;
				CLANG_WARN_COMMA = YES;
				CLANG_WARN_CONSTANT_CONVERSION = YES;
				CLANG_WARN_DEPRECATED_OBJC_IMPLEMENTATIONS = YES;
				CLANG_WARN_DIRECT_OBJC_ISA_USAGE = YES_ERROR;
				CLANG_WARN_DOCUMENTATION_COMMENTS = YES;
				CLANG_WARN_EMPTY_BODY = YES;
				CLANG_WARN_ENUM_CONVERSION = YES;
				CLANG_WARN_INFINITE_RECURSION = YES;
				CLANG_WARN_INT_CONVERSION = YES;
				CLANG_WARN_NON_LITERAL_NULL_CONVERSION = YES;
				CLANG_WARN_OBJC_IMPLICIT_RETAIN_SELF = YES;
				CLANG_WARN_OBJC_LITERAL_CONVERSION = YES;
				CLANG_WARN_OBJC_ROOT_CLASS = YES_ERROR;
				CLANG_WARN_QUOTED_INCLUDE_IN_FRAMEWORK_HEADER = YES;
				CLANG_WARN_RANGE_LOOP_ANALYSIS = YES;
				CLANG_WARN_STRICT_PROTOTYPES = YES;
				CLANG_WARN_SUSPICIOUS_MOVE = YES;
				CLANG_WARN_UNGUARDED_AVAILABILITY = YES_AGGRESSIVE;
				CLANG_WARN_UNREACHABLE_CODE = YES;
				CLANG_WARN__DUPLICATE_METHOD_MATCH = YES;
				COPY_PHASE_STRIP = NO;
				DEAD_CODE_STRIPPING = YES;
				DEBUG_INFORMATION_FORMAT = dwarf;
				ENABLE_STRICT_CONCURRENCY = YES;
				ENABLE_STRICT_OBJC_MSGSEND = YES;
				ENABLE_TESTABILITY = YES;
				GCC_C_LANGUAGE_STANDARD = gnu11;
				GCC_DYNAMIC_NO_PIC = NO;
				GCC_NO_COMMON_BLOCKS = YES;
				GCC_OPTIMIZATION_LEVEL = 0;
				GCC_PREPROCESSOR_DEFINITIONS = (
					"$(inherited)",
					"DEBUG=1",
				);
				GCC_WARN_64_TO_32_BIT_CONVERSION = YES;
				GCC_WARN_ABOUT_RETURN_TYPE = YES_ERROR;
				GCC_WARN_UNDECLARED_SELECTOR = YES;
				GCC_WARN_UNINITIALIZED_AUTOS = YES_AGGRESSIVE;
				GCC_WARN_UNUSED_FUNCTION = YES;
				GCC_WARN_UNUSED_VARIABLE = YES;
				IPHONEOS_DEPLOYMENT_TARGET = 17.0;
				MTL_ENABLE_DEBUG_INFO = INCLUDE_SOURCE;
				MTL_FAST_MATH = YES;
				ONLY_ACTIVE_ARCH = YES;
				PRODUCT_NAME = "$(TARGET_NAME)";
				SDKROOT = iphoneos;
				SWIFT_ACTIVE_COMPILATION_CONDITIONS = DEBUG;
				SWIFT_OPTIMIZATION_LEVEL = "-Onone";
				SWIFT_STRICT_CONCURRENCY = complete;
				SWIFT_VERSION = 6.0;
			};
			name = Debug;
		};
		BEFD4C267D3271432D02C57B /* Debug */ = {
			isa = XCBuildConfiguration;
			buildSettings = {
				ASSETCATALOG_COMPILER_APPICON_NAME = AppIcon;
				ASSETCATALOG_COMPILER_GLOBAL_ACCENT_COLOR_NAME = AccentColor;
				CODE_SIGN_ENTITLEMENTS = AirFit/AirFit.entitlements;
				CODE_SIGN_IDENTITY = "iPhone Developer";
				CODE_SIGN_STYLE = Automatic;
				DEVELOPMENT_TEAM = 2H43Q8Y3CR;
				INFOPLIST_FILE = AirFit/Info.plist;
				LD_RUNPATH_SEARCH_PATHS = (
					"$(inherited)",
					"@executable_path/Frameworks",
				);
				PRODUCT_BUNDLE_IDENTIFIER = com.airfit.app;
				SDKROOT = iphoneos;
				TARGETED_DEVICE_FAMILY = 1;
			};
			name = Debug;
		};
/* End XCBuildConfiguration section */

/* Begin XCConfigurationList section */
		0CAF143C94D8CC3670077696 /* Build configuration list for PBXProject "AirFit" */ = {
			isa = XCConfigurationList;
			buildConfigurations = (
				A169A66BC5588FF738EE1DF1 /* Debug */,
				1D71CD6D821D6C6626D4289D /* Release */,
			);
			defaultConfigurationIsVisible = 0;
			defaultConfigurationName = Debug;
		};
		B21A214DF8B8953D2E964C3C /* Build configuration list for PBXNativeTarget "AirFit" */ = {
			isa = XCConfigurationList;
			buildConfigurations = (
				BEFD4C267D3271432D02C57B /* Debug */,
				0FCF1B23D945E894595DF0DA /* Release */,
			);
			defaultConfigurationIsVisible = 0;
			defaultConfigurationName = Debug;
		};
/* End XCConfigurationList section */
	};
	rootObject = 4DE6950C247E7BED46A7B7FC /* Project object */;
}
