// !$*UTF8*$!
{
	archiveVersion = 1;
	classes = {
	};
	objectVersion = 54;
	objects = {

/* Begin PBXBuildFile section */
		0240378661E6E627F4ACE2A6 /* VoiceWaveformView.swift in Sources */ = {isa = PBXBuildFile; fileRef = CD7A416561CA8174BECF1CFD /* VoiceWaveformView.swift */; };
		0460671DEC39FF9F8402A71C /* NutritionActivityAttributes.swift in Sources */ = {isa = PBXBuildFile; fileRef = B157438F022A812EF8F8809C /* NutritionActivityAttributes.swift */; };
		065EFDEFF367930BEA757F5B /* WhisperTranscriptionService.swift in Sources */ = {isa = PBXBuildFile; fileRef = CCEBF80284961321FCD660E3 /* WhisperTranscriptionService.swift */; };
		06E79BED026304AAB40C73CB /* AppearanceControl.swift in Sources */ = {isa = PBXBuildFile; fileRef = F7CDCE77EC94B433B53B151E /* AppearanceControl.swift */; };
		0890ADE661871EDA02A1AE9E /* NotificationManager.swift in Sources */ = {isa = PBXBuildFile; fileRef = E9B044AF8CB3DAEBE3CD44E7 /* NotificationManager.swift */; };
		108436DD76711EBA741480D1 /* CoachingPersonaView.swift in Sources */ = {isa = PBXBuildFile; fileRef = A72F35023E747EE874FDE59F /* CoachingPersonaView.swift */; };
		14375A42D659B0624E423536 /* AudioCaptureManager.swift in Sources */ = {isa = PBXBuildFile; fileRef = 5D0E2B52422C2B8D1AEA1149 /* AudioCaptureManager.swift */; };
		1659CBF3D3E58C22BA168FFE /* AirFitWatchApp.swift in Sources */ = {isa = PBXBuildFile; fileRef = 6F18291924B9B277AA417242 /* AirFitWatchApp.swift */; };
		192D58EF9C1A5E2F6576DCC9 /* MetricRow.swift in Sources */ = {isa = PBXBuildFile; fileRef = D9AFE115B10E4507A5D8D3C6 /* MetricRow.swift */; };
		1FD926055A68B0B34091D4D3 /* DashboardView.swift in Sources */ = {isa = PBXBuildFile; fileRef = DD342DCDC0B816522BF4CBB5 /* DashboardView.swift */; };
		211B4E93E301444B18A13A10 /* ModelDownloader.swift in Sources */ = {isa = PBXBuildFile; fileRef = DFD9732A6302AFD9D41C2F19 /* ModelDownloader.swift */; };
		21BDFBB6FE09E96350B08DC2 /* AirFitWatchComplications.appex in Embed Foundation Extensions */ = {isa = PBXBuildFile; fileRef = 8BAA8A63724DB085B886BF78 /* AirFitWatchComplications.appex */; settings = {ATTRIBUTES = (RemoveHeadersOnCopy, ); }; };
		2208DFB4AA8351B900923106 /* SettingsView.swift in Sources */ = {isa = PBXBuildFile; fileRef = 82D28D5292AE2F388E63FAD4 /* SettingsView.swift */; };
		222C3B0352E8F3C32DEF0BB0 /* LocalProfile.swift in Sources */ = {isa = PBXBuildFile; fileRef = C02D34FFC9E57EF07E37CF3F /* LocalProfile.swift */; };
		233BB2CFCFF73FA1C7CDF8FC /* AirFitWatchComplicationsBundle.swift in Sources */ = {isa = PBXBuildFile; fileRef = 6924EEA4186751449438F6FC /* AirFitWatchComplicationsBundle.swift */; };
		2519DB8F2F9005614DB67874 /* PermissionFlowView.swift in Sources */ = {isa = PBXBuildFile; fileRef = 53D1CC25CA6A9303E47C8E3B /* PermissionFlowView.swift */; };
		251EB981FF43940ED0236D03 /* ProfileEvolutionService.swift in Sources */ = {isa = PBXBuildFile; fileRef = 9A4D2E36F71D0762CFD352C8 /* ProfileEvolutionService.swift */; };
		276B8D8E60010CADB103776F /* GeminiService.swift in Sources */ = {isa = PBXBuildFile; fileRef = A49F7B6DE7C53486B14A5EE0 /* GeminiService.swift */; };
		276DECF33541A6E229E44691 /* HevyCache.swift in Sources */ = {isa = PBXBuildFile; fileRef = 867A154742B696DA937B8788 /* HevyCache.swift */; };
		290F7FB55413A515A97FDCCC /* InsightTriggerService.swift in Sources */ = {isa = PBXBuildFile; fileRef = 7DCC89C5BCADFC5D2C256002 /* InsightTriggerService.swift */; };
		29A6F3071FFE8944853A19D3 /* HRVDeviationChart.swift in Sources */ = {isa = PBXBuildFile; fileRef = 0398F3DC5EDD208F67DAAD22 /* HRVDeviationChart.swift */; };
		2DF18BE6F7F2D6B846CC541B /* ScrollytellingRootView.swift in Sources */ = {isa = PBXBuildFile; fileRef = 82D3355A740D207F6822ED94 /* ScrollytellingRootView.swift */; };
		2F636B03872F5C203AED18F0 /* EnergyTracker.swift in Sources */ = {isa = PBXBuildFile; fileRef = 8318261405BB22A0FAD1E026 /* EnergyTracker.swift */; };
		2F774BF6C47671E511B6B773 /* AutoSyncManager.swift in Sources */ = {isa = PBXBuildFile; fileRef = D8960CA7CDD4E1BF043AB02F /* AutoSyncManager.swift */; };
		30B2CDF647E811FB7C5739B1 /* WhisperKitAdapter.swift in Sources */ = {isa = PBXBuildFile; fileRef = DEEFA582B495D0F9C4D2C4F7 /* WhisperKitAdapter.swift */; };
		30FE638F1D7A2BF8D65FD1E0 /* SplashView.swift in Sources */ = {isa = PBXBuildFile; fileRef = 5F483D6C61BE50EF3610BD2C /* SplashView.swift */; };
		324A5A6A5BC0F0279CA7F937 /* APIClient.swift in Sources */ = {isa = PBXBuildFile; fileRef = 627DF30EF7B4BA47E7815BCC /* APIClient.swift */; };
		34279D3ADB04B781EC492BC6 /* ReadinessEngine.swift in Sources */ = {isa = PBXBuildFile; fileRef = A0E2E2FBF94A899C7C7A0509 /* ReadinessEngine.swift */; };
		34AA5C3E6187B5499E129179 /* InsightsSyncService.swift in Sources */ = {isa = PBXBuildFile; fileRef = 104CBEBAFE2CC36C1764F33A /* InsightsSyncService.swift */; };
		37B3E4E38CADE1E41FC3FD37 /* YouView.swift in Sources */ = {isa = PBXBuildFile; fileRef = B8E095EF26744F5A1439F4BE /* YouView.swift */; };
		3932058A4C14CD38F1BFBB8A /* AIModeSelector.swift in Sources */ = {isa = PBXBuildFile; fileRef = 08B8E65251F5752D5A0F4F2D /* AIModeSelector.swift */; };
		396815211144E101BCA78207 /* InsightsView.swift in Sources */ = {isa = PBXBuildFile; fileRef = 21D6A0C602D3EAFB82999F14 /* InsightsView.swift */; };
		3A1386228B8F1DD67F2B3AD5 /* HevyCacheManager.swift in Sources */ = {isa = PBXBuildFile; fileRef = ABFD7760191B5043E015F743 /* HevyCacheManager.swift */; };
		3A159935C8D099BF117E8BAB /* KeychainManager.swift in Sources */ = {isa = PBXBuildFile; fileRef = A55C1B45988D2CFA1E2EF648 /* KeychainManager.swift */; };
		3FC9C26CA401B5973C55D1ED /* LocalInsight.swift in Sources */ = {isa = PBXBuildFile; fileRef = 74549341248D29CF575D8AF0 /* LocalInsight.swift */; };
		4030914CFAA47F27A0D987CE /* MemorySyncService.swift in Sources */ = {isa = PBXBuildFile; fileRef = E5FD2A9433D22F957CF05383 /* MemorySyncService.swift */; };
		42FE8AA562BF6EDB266E794E /* CoachConfigurationSheet.swift in Sources */ = {isa = PBXBuildFile; fileRef = FCBA7FAF7F548FC384CA4ED9 /* CoachConfigurationSheet.swift */; };
		455B1CECB901B34C48FC149C /* WelcomeView.swift in Sources */ = {isa = PBXBuildFile; fileRef = CA3BA4C894180A0FA433EB44 /* WelcomeView.swift */; };
		46926AEB060733FE1532090C /* QRScannerView.swift in Sources */ = {isa = PBXBuildFile; fileRef = A31C3DC48E396130629E8D5B /* QRScannerView.swift */; };
		5552EF0F9597694CF77F3F2C /* README.md in Resources */ = {isa = PBXBuildFile; fileRef = B69F3972B4F5C53F711F8E4A /* README.md */; };
		56865E1FF04CD2EC9C93DA50 /* MacroRingComplication.swift in Sources */ = {isa = PBXBuildFile; fileRef = 9FCB0C5196D121E2B5593D78 /* MacroRingComplication.swift */; };
		58B73525419036D200BA051E /* ModelStore.swift in Sources */ = {isa = PBXBuildFile; fileRef = EEDD4F8880D4423D6B29F004 /* ModelStore.swift */; };
		593F758F65141B7ED6B1DC0A /* AirFitWatch.app in Embed Watch Content */ = {isa = PBXBuildFile; fileRef = 4AC47E0251CA4678773EF7C4 /* AirFitWatch.app */; settings = {ATTRIBUTES = (RemoveHeadersOnCopy, ); }; };
		5B5D575967A5E13E5BD0D85F /* AirFitApp.swift in Sources */ = {isa = PBXBuildFile; fileRef = 6D132DFA57B215A0C7FB9879 /* AirFitApp.swift */; };
		5CFF5B6206AE30EE14831048 /* ConfettiView.swift in Sources */ = {isa = PBXBuildFile; fileRef = A201180BB2B4BCEB99918CAC /* ConfettiView.swift */; };
		5DB2700A9249C0AFA32B98DA /* VO2maxTrendChart.swift in Sources */ = {isa = PBXBuildFile; fileRef = DA713BBAEDA8BE51344F8791 /* VO2maxTrendChart.swift */; };
		655F41AF201957A89020A737 /* ReadinessComplication.swift in Sources */ = {isa = PBXBuildFile; fileRef = 774A15E4241D1468B505BA54 /* ReadinessComplication.swift */; };
		6594F47046B597C8C8ABD8FA /* RHRTrendChart.swift in Sources */ = {isa = PBXBuildFile; fileRef = 46549276438DFE8C2E9F4F30 /* RHRTrendChart.swift */; };
		677240095D5C5A84C98ED69D /* WatchDataModels.swift in Sources */ = {isa = PBXBuildFile; fileRef = 89B815449FEAEFA711040303 /* WatchDataModels.swift */; };
		67970F021B1EC088C15F9E34 /* VolumeComplication.swift in Sources */ = {isa = PBXBuildFile; fileRef = 5E338F6BDA3765AA80C9B5A0 /* VolumeComplication.swift */; };
		6950A5062B415CD0C7C510C3 /* HevyService.swift in Sources */ = {isa = PBXBuildFile; fileRef = 5AB73FE71AD35E61D4DDF183 /* HevyService.swift */; };
		6AE63439870C35A00C0E6FA7 /* AdvancedSection.swift in Sources */ = {isa = PBXBuildFile; fileRef = 0E783504FB15CA57A7979868 /* AdvancedSection.swift */; };
		6B5FE3A95BDF52242D65ACA6 /* Theme.swift in Sources */ = {isa = PBXBuildFile; fileRef = F20158F11AF627B20A77D9C6 /* Theme.swift */; };
		6C367991A6BCB6AA5A08B6A6 /* ConversationSeed.swift in Sources */ = {isa = PBXBuildFile; fileRef = 5B955EB48D64504EF862C261 /* ConversationSeed.swift */; };
		6DFDA0A87AA73F93AB33E780 /* HRRecoveryChart.swift in Sources */ = {isa = PBXBuildFile; fileRef = F63A4E1AF1EE4CCF9B29A6D6 /* HRRecoveryChart.swift */; };
		6ECD5931F6D6667C42AF897C /* HealthKitManager.swift in Sources */ = {isa = PBXBuildFile; fileRef = B04A21AB4B5231F3CA0D143D /* HealthKitManager.swift */; };
		7033B9976837782986149AEC /* SleepQualityCard.swift in Sources */ = {isa = PBXBuildFile; fileRef = 45E5A01E00E8CAA463450AE7 /* SleepQualityCard.swift */; };
		757681DC62717AF2033B7501 /* ServerSetupView.swift in Sources */ = {isa = PBXBuildFile; fileRef = BA5277C7830D32640A2C74D8 /* ServerSetupView.swift */; };
		773E8EC680904B4C3E029F5B /* ContextManager.swift in Sources */ = {isa = PBXBuildFile; fileRef = 53DE115231DF8A641AD95956 /* ContextManager.swift */; };
		7A975B3FEF12DB1C7243013E /* ModelRecommendation.swift in Sources */ = {isa = PBXBuildFile; fileRef = BADF49A3FDB0FDBB1E17A356 /* ModelRecommendation.swift */; };
		7D9A8D18FB9B1AEE56BED03F /* OnboardingInterviewView.swift in Sources */ = {isa = PBXBuildFile; fileRef = 24576AB1E55D9F4DF61C99E2 /* OnboardingInterviewView.swift */; };
		7E091E8D040AB54EEFE4A725 /* SpeechTranscriptionManager.swift in Sources */ = {isa = PBXBuildFile; fileRef = 96358DBC9AE0E062912E1167 /* SpeechTranscriptionManager.swift */; };
		80093BDE1E665B47A0234CCA /* CoachStatusCard.swift in Sources */ = {isa = PBXBuildFile; fileRef = 7961D8A2A8F7F85C7E043166 /* CoachStatusCard.swift */; };
		812F42F3931B8AE8083C229F /* OnboardingCoordinator.swift in Sources */ = {isa = PBXBuildFile; fileRef = C0E15547538637AF28712B41 /* OnboardingCoordinator.swift */; };
		82A2B2AEA80EB9D33B583CB2 /* VolumeComplication.swift in Sources */ = {isa = PBXBuildFile; fileRef = B8FD867DF5F579D58E3908A1 /* VolumeComplication.swift */; };
		83EE286AFC0E3E7550B95CCC /* ReadinessComplication.swift in Sources */ = {isa = PBXBuildFile; fileRef = B5B58F99B5821B8AF0328E3C /* ReadinessComplication.swift */; };
		8405359B4D259DD35FFDCE3C /* AirFitSplash.swift in Sources */ = {isa = PBXBuildFile; fileRef = F5DD7BFAF9DF47F3F351173F /* AirFitSplash.swift */; };
		8457392A7CFA6D3DE4DFC715 /* WatchConnectivityManager.swift in Sources */ = {isa = PBXBuildFile; fileRef = 8B23ADB7ACB29AA5AA56102D /* WatchConnectivityManager.swift */; };
		8543BCE2D3732F6645518FDC /* GeminiSetupView.swift in Sources */ = {isa = PBXBuildFile; fileRef = D886EF683348063E2E24DA8D /* GeminiSetupView.swift */; };
		863703DD5D89B729157D81A5 /* HRRComplication.swift in Sources */ = {isa = PBXBuildFile; fileRef = 79D08D1522570C56D5426364 /* HRRComplication.swift */; };
		86FD44E5B8A20022C5AE6153 /* PersonalitySynthesisService.swift in Sources */ = {isa = PBXBuildFile; fileRef = C54B0202E77C751F894BEBF6 /* PersonalitySynthesisService.swift */; };
		87DEEBEBB2DFBF21705598AC /* MainWatchView.swift in Sources */ = {isa = PBXBuildFile; fileRef = 964F349BFFA7ABE94E9CB4CD /* MainWatchView.swift */; };
		87E07F9A83E5D34B7BD468AF /* Assets.xcassets in Resources */ = {isa = PBXBuildFile; fileRef = FC86873D36371527B00B0A75 /* Assets.xcassets */; };
		881914D28C3DCB773782EFB0 /* WorkoutDetailSheet.swift in Sources */ = {isa = PBXBuildFile; fileRef = EE61BAFE50B260778B9855A3 /* WorkoutDetailSheet.swift */; };
		8A0E6A9690E7721442529D82 /* CoachingCalibrationView.swift in Sources */ = {isa = PBXBuildFile; fileRef = 34BD37F0DE6FCFF69AC1CFC4 /* CoachingCalibrationView.swift */; };
		8D0DF3A8EC2D728B2E67333B /* HRVTrendChart.swift in Sources */ = {isa = PBXBuildFile; fileRef = 4C70BE1A11016F1EB2F97055 /* HRVTrendChart.swift */; };
		941FB15FC1855CBC061D3668 /* CustomTabBar.swift in Sources */ = {isa = PBXBuildFile; fileRef = EAA65B35292D7F7B10A2DEA8 /* CustomTabBar.swift */; };
		97750111A2B7DDF320EE6093 /* SpeechSettingsView.swift in Sources */ = {isa = PBXBuildFile; fileRef = 3175912F7293002B8C07E099 /* SpeechSettingsView.swift */; };
		980C40A5DE4B0902C9401A8F /* PrivacyLevelControl.swift in Sources */ = {isa = PBXBuildFile; fileRef = D7E38684A76062F4DFE22706 /* PrivacyLevelControl.swift */; };
		9A5650D37BE700DD621DD651 /* TranscriptionServiceProtocol.swift in Sources */ = {isa = PBXBuildFile; fileRef = 02EA092654598EFDA405A771 /* TranscriptionServiceProtocol.swift */; };
		9C4448ED5B07045CB5D322A0 /* WaterTrackingCard.swift in Sources */ = {isa = PBXBuildFile; fileRef = EA8FB6A47039665116DC2798 /* WaterTrackingCard.swift */; };
		9E15A84A6FE5465A339A84A5 /* WhisperKit in Frameworks */ = {isa = PBXBuildFile; productRef = CF7514A2CFD66EB6C9EE9518 /* WhisperKit */; };
		9E8A881F17C743A14464B25F /* ModelManager.swift in Sources */ = {isa = PBXBuildFile; fileRef = B10389DA62DAA42AE89BD787 /* ModelManager.swift */; };
		A1239321766B6035C833F946 /* StrengthDetailView.swift in Sources */ = {isa = PBXBuildFile; fileRef = E2BADF0CAED872DC1A41F1FC /* StrengthDetailView.swift */; };
		A52412FEB692B9B64D902DA7 /* SpeechRecognizer.swift in Sources */ = {isa = PBXBuildFile; fileRef = D1D0F48138B611B89DE036DD /* SpeechRecognizer.swift */; };
		A9FC6531C3F0D1EF39349600 /* MemoryMarkerProcessor.swift in Sources */ = {isa = PBXBuildFile; fileRef = E96830CE00B0839C473D2721 /* MemoryMarkerProcessor.swift */; };
		AA8348ED0B20041E10F27AA4 /* Conversation.swift in Sources */ = {isa = PBXBuildFile; fileRef = CDDED7610E6E47699EE707BA /* Conversation.swift */; };
		ACE783577E0830EB6AAA7D13 /* CalorieRingGauge.swift in Sources */ = {isa = PBXBuildFile; fileRef = 4EF866EE2F7B10A1490C3EFA /* CalorieRingGauge.swift */; };
		B088EA902F1B0594504B04DB /* VoiceLogView.swift in Sources */ = {isa = PBXBuildFile; fileRef = 98E29E71F6DF79F72975AD37 /* VoiceLogView.swift */; };
		B419569EC3D520130812D5A8 /* HeartMetricsCard.swift in Sources */ = {isa = PBXBuildFile; fileRef = B439158970A6E922FE79FAAB /* HeartMetricsCard.swift */; };
		B8EAC985B2F2AA555D1093D0 /* KeyboardObserver.swift in Sources */ = {isa = PBXBuildFile; fileRef = 6B8DB016170AEDAE9BCD966B /* KeyboardObserver.swift */; };
		BA7C772CD053F7037EBC8C66 /* VoiceTextField.swift in Sources */ = {isa = PBXBuildFile; fileRef = 8E7E1BE8AD2D4B05418365DA /* VoiceTextField.swift */; };
		BC6A773A5C604513D795054C /* WaterEntry.swift in Sources */ = {isa = PBXBuildFile; fileRef = 07E323360222BC2C7FA9E32C /* WaterEntry.swift */; };
		C31A340552E9F54B10916EFF /* NutritionView.swift in Sources */ = {isa = PBXBuildFile; fileRef = C30161396CA868137F0A8528 /* NutritionView.swift */; };
		C42FDF8D70D7718D42CE2C1C /* HRRTracker.swift in Sources */ = {isa = PBXBuildFile; fileRef = 3CB01FE26044B61D5F9CD978 /* HRRTracker.swift */; };
		C56C44C474AE54A74ABA7B8A /* VoiceOverlay.swift in Sources */ = {isa = PBXBuildFile; fileRef = 03FC2ED7315A4A5FD82AE857 /* VoiceOverlay.swift */; };
		C7B334925E6C87E8F65DD0AB /* ReadinessCard.swift in Sources */ = {isa = PBXBuildFile; fileRef = B557A32BE6F807B38C09C7E8 /* ReadinessCard.swift */; };
		C7B7FB34E26FFFC6F14DC3B1 /* InteractiveChartView.swift in Sources */ = {isa = PBXBuildFile; fileRef = CCFF0484C993FCB05EC98F13 /* InteractiveChartView.swift */; };
		C96C67876E3AF2FE73991335 /* WatchConnectivityHandler.swift in Sources */ = {isa = PBXBuildFile; fileRef = F9F5E62896F187C6969B69CF /* WatchConnectivityHandler.swift */; };
		CD02CD1472C9BA414EDE33C4 /* WorkoutHRRView.swift in Sources */ = {isa = PBXBuildFile; fileRef = F2B9F20CE7F3DE8ADD77BD7E /* WorkoutHRRView.swift */; };
		CD6E77028DC658B48F9C51A7 /* WatchHealthKitManager.swift in Sources */ = {isa = PBXBuildFile; fileRef = 5A4FB3103CF865083C7E3636 /* WatchHealthKitManager.swift */; };
		CE0702C7990155A49C00CEB2 /* CoachSelectionView.swift in Sources */ = {isa = PBXBuildFile; fileRef = 4AB44AD1BC40C4F7F917E5DB /* CoachSelectionView.swift */; };
		CF23AC3D22C6A408EABBA414 /* StreamingTextView.swift in Sources */ = {isa = PBXBuildFile; fileRef = 7197E792DA281FE91F5760EC /* StreamingTextView.swift */; };
		CF935102CAD99AAC489F4676 /* ModelCatalog.swift in Sources */ = {isa = PBXBuildFile; fileRef = 5C1AA9BF25BA69C4131CD3D4 /* ModelCatalog.swift */; };
		D2C2E5A689DCE8189A98462F /* MiniSparkline.swift in Sources */ = {isa = PBXBuildFile; fileRef = 159333A4C593F781D6AC0D79 /* MiniSparkline.swift */; };
		D5115F385A38D1C9F713ABF1 /* Message.swift in Sources */ = {isa = PBXBuildFile; fileRef = 44B1A40DB3222DE9F29DB911 /* Message.swift */; };
		D9DCEDDEB719A436EDF60BF4 /* CameraView.swift in Sources */ = {isa = PBXBuildFile; fileRef = DDB14D60A576BEF73E2A85D1 /* CameraView.swift */; };
		DB256BFD3B57FE9DE61504A6 /* DeviceCapabilities.swift in Sources */ = {isa = PBXBuildFile; fileRef = 3730ED165E6DD2A679DA0686 /* DeviceCapabilities.swift */; };
		DB9B0C235211C689C9DB3650 /* HevySetupView.swift in Sources */ = {isa = PBXBuildFile; fileRef = CC518129CED7363E3E5C17D0 /* HevySetupView.swift */; };
		DC1B9D102A3EEBD23FCC6FC7 /* BreathingMeshBackground.swift in Sources */ = {isa = PBXBuildFile; fileRef = F103229168D2BEDFFDEDF899 /* BreathingMeshBackground.swift */; };
		E04B84D8E03AF2B6CBB208B6 /* BodyView.swift in Sources */ = {isa = PBXBuildFile; fileRef = 07E6910E70A0A2F0AAA34E2C /* BodyView.swift */; };
		E3C81A9F616B20F52DDEE7E5 /* ServerCheckView.swift in Sources */ = {isa = PBXBuildFile; fileRef = 6CCE1F35415362BF7EB832DF /* ServerCheckView.swift */; };
		E502A7BA87DBCD2F936EFB99 /* NutritionEntry.swift in Sources */ = {isa = PBXBuildFile; fileRef = 534886752F052D311D77F40F /* NutritionEntry.swift */; };
		E7B34C651A0162B34083126C /* TrainingView.swift in Sources */ = {isa = PBXBuildFile; fileRef = EA200E34BD9B55997233231D /* TrainingView.swift */; };
		E7D29830102325CC76728D07 /* Assets.xcassets in Resources */ = {isa = PBXBuildFile; fileRef = 5551F4B263CBA79EB33B636B /* Assets.xcassets */; };
		ED9183B56A2E9D7F7F592FFA /* ModelRequiredSheet.swift in Sources */ = {isa = PBXBuildFile; fileRef = A683F4B605E5B1665C3B8208 /* ModelRequiredSheet.swift */; };
		F031014D979E58DD4F0D30A8 /* ModelDescriptor.swift in Sources */ = {isa = PBXBuildFile; fileRef = DDE3970A58060255BF6E58E2 /* ModelDescriptor.swift */; };
		F1097D3E7D73A94986E2632C /* ProfileView.swift in Sources */ = {isa = PBXBuildFile; fileRef = FC2E94E3F09FB50E4140F437 /* ProfileView.swift */; };
		F1BAD78EBD0D15FA961D6063 /* ChatView.swift in Sources */ = {isa = PBXBuildFile; fileRef = 3E185281D3C137B2FC191DF3 /* ChatView.swift */; };
		F26F8707ECB3341BA4D660AF /* AIRouter.swift in Sources */ = {isa = PBXBuildFile; fileRef = 904D6550BC2548F85F0876EF /* AIRouter.swift */; };
		F4CFC60507DDD9A28BB3A290 /* VoiceInputOverlay.swift in Sources */ = {isa = PBXBuildFile; fileRef = 4503E6A3D8D7E50A75B31E59 /* VoiceInputOverlay.swift */; };
		F5895F809B71E3AF5EA46FE7 /* LocalToolExecutor.swift in Sources */ = {isa = PBXBuildFile; fileRef = 4B594D7DB2FF93F2E5DAB58F /* LocalToolExecutor.swift */; };
		F781A1F820AE0829D3E6515F /* LiveActivityManager.swift in Sources */ = {isa = PBXBuildFile; fileRef = F433FE4F7C2C763AB6854121 /* LiveActivityManager.swift */; };
		F7D7E9864E65D5C777649501 /* ServerConfiguration.swift in Sources */ = {isa = PBXBuildFile; fileRef = 61D5722787ED5DE3EB4C5029 /* ServerConfiguration.swift */; };
		FAA8046BA20B325A7C8845F4 /* OnboardingCompletionView.swift in Sources */ = {isa = PBXBuildFile; fileRef = E94C61DF9C75F84797C36D8A /* OnboardingCompletionView.swift */; };
		FD6013094E025515B45673EC /* LocalInsightEngine.swift in Sources */ = {isa = PBXBuildFile; fileRef = BA80BEC06E6BA86B98B11DED /* LocalInsightEngine.swift */; };
		FD84BA47A09768C683F55EDC /* MacroComplication.swift in Sources */ = {isa = PBXBuildFile; fileRef = 0B37C5BC56C8105608F69578 /* MacroComplication.swift */; };
		FE874D5831AE987042A1F6B7 /* SharedDataStore.swift in Sources */ = {isa = PBXBuildFile; fileRef = 74B8D799CC22F72A4D25E225 /* SharedDataStore.swift */; };
/* End PBXBuildFile section */

/* Begin PBXContainerItemProxy section */
		24C6AA0D6BAD29DD0102D55E /* PBXContainerItemProxy */ = {
			isa = PBXContainerItemProxy;
			containerPortal = 4DE6950C247E7BED46A7B7FC /* Project object */;
			proxyType = 1;
			remoteGlobalIDString = 3931A9F418E835F2FA67594B;
			remoteInfo = AirFitWatchComplications;
		};
		43FED5FF2F8F7C85CDAF93E5 /* PBXContainerItemProxy */ = {
			isa = PBXContainerItemProxy;
			containerPortal = 4DE6950C247E7BED46A7B7FC /* Project object */;
			proxyType = 1;
			remoteGlobalIDString = A7EF7FFCFA9AD728BB8E121A;
			remoteInfo = AirFitWatch;
		};
/* End PBXContainerItemProxy section */

/* Begin PBXCopyFilesBuildPhase section */
		6D1E658A03B2521FDEC27454 /* Embed Foundation Extensions */ = {
			isa = PBXCopyFilesBuildPhase;
			buildActionMask = 2147483647;
			dstPath = "";
			dstSubfolderSpec = 13;
			files = (
				21BDFBB6FE09E96350B08DC2 /* AirFitWatchComplications.appex in Embed Foundation Extensions */,
			);
			name = "Embed Foundation Extensions";
			runOnlyForDeploymentPostprocessing = 0;
		};
		E93AB98E7C1FF4B8EE653EA9 /* Embed Watch Content */ = {
			isa = PBXCopyFilesBuildPhase;
			buildActionMask = 2147483647;
			dstPath = "$(CONTENTS_FOLDER_PATH)/Watch";
			dstSubfolderSpec = 16;
			files = (
				593F758F65141B7ED6B1DC0A /* AirFitWatch.app in Embed Watch Content */,
			);
			name = "Embed Watch Content";
			runOnlyForDeploymentPostprocessing = 0;
		};
/* End PBXCopyFilesBuildPhase section */

/* Begin PBXFileReference section */
		02EA092654598EFDA405A771 /* TranscriptionServiceProtocol.swift */ = {isa = PBXFileReference; lastKnownFileType = sourcecode.swift; path = TranscriptionServiceProtocol.swift; sourceTree = "<group>"; };
		0398F3DC5EDD208F67DAAD22 /* HRVDeviationChart.swift */ = {isa = PBXFileReference; lastKnownFileType = sourcecode.swift; path = HRVDeviationChart.swift; sourceTree = "<group>"; };
		03FC2ED7315A4A5FD82AE857 /* VoiceOverlay.swift */ = {isa = PBXFileReference; lastKnownFileType = sourcecode.swift; path = VoiceOverlay.swift; sourceTree = "<group>"; };
		07E323360222BC2C7FA9E32C /* WaterEntry.swift */ = {isa = PBXFileReference; lastKnownFileType = sourcecode.swift; path = WaterEntry.swift; sourceTree = "<group>"; };
		07E6910E70A0A2F0AAA34E2C /* BodyView.swift */ = {isa = PBXFileReference; lastKnownFileType = sourcecode.swift; path = BodyView.swift; sourceTree = "<group>"; };
		08B8E65251F5752D5A0F4F2D /* AIModeSelector.swift */ = {isa = PBXFileReference; lastKnownFileType = sourcecode.swift; path = AIModeSelector.swift; sourceTree = "<group>"; };
		0A836B46029D296A3E09CA49 /* Info.plist */ = {isa = PBXFileReference; lastKnownFileType = text.plist; path = Info.plist; sourceTree = "<group>"; };
		0AD4226845AA5D0FC80194E7 /* AirFitWatch.entitlements */ = {isa = PBXFileReference; lastKnownFileType = text.plist.entitlements; path = AirFitWatch.entitlements; sourceTree = "<group>"; };
		0B37C5BC56C8105608F69578 /* MacroComplication.swift */ = {isa = PBXFileReference; lastKnownFileType = sourcecode.swift; path = MacroComplication.swift; sourceTree = "<group>"; };
		0E783504FB15CA57A7979868 /* AdvancedSection.swift */ = {isa = PBXFileReference; lastKnownFileType = sourcecode.swift; path = AdvancedSection.swift; sourceTree = "<group>"; };
		104CBEBAFE2CC36C1764F33A /* InsightsSyncService.swift */ = {isa = PBXFileReference; lastKnownFileType = sourcecode.swift; path = InsightsSyncService.swift; sourceTree = "<group>"; };
		159333A4C593F781D6AC0D79 /* MiniSparkline.swift */ = {isa = PBXFileReference; lastKnownFileType = sourcecode.swift; path = MiniSparkline.swift; sourceTree = "<group>"; };
		21D6A0C602D3EAFB82999F14 /* InsightsView.swift */ = {isa = PBXFileReference; lastKnownFileType = sourcecode.swift; path = InsightsView.swift; sourceTree = "<group>"; };
		24576AB1E55D9F4DF61C99E2 /* OnboardingInterviewView.swift */ = {isa = PBXFileReference; lastKnownFileType = sourcecode.swift; path = OnboardingInterviewView.swift; sourceTree = "<group>"; };
		2E5ABACCB3A48AB4AA7DB847 /* Info.plist */ = {isa = PBXFileReference; lastKnownFileType = text.plist; path = Info.plist; sourceTree = "<group>"; };
		3175912F7293002B8C07E099 /* SpeechSettingsView.swift */ = {isa = PBXFileReference; lastKnownFileType = sourcecode.swift; path = SpeechSettingsView.swift; sourceTree = "<group>"; };
		3197A947D9269EF5205ED076 /* AirFitWatchComplications.entitlements */ = {isa = PBXFileReference; lastKnownFileType = text.plist.entitlements; path = AirFitWatchComplications.entitlements; sourceTree = "<group>"; };
		34BD37F0DE6FCFF69AC1CFC4 /* CoachingCalibrationView.swift */ = {isa = PBXFileReference; lastKnownFileType = sourcecode.swift; path = CoachingCalibrationView.swift; sourceTree = "<group>"; };
		3730ED165E6DD2A679DA0686 /* DeviceCapabilities.swift */ = {isa = PBXFileReference; lastKnownFileType = sourcecode.swift; path = DeviceCapabilities.swift; sourceTree = "<group>"; };
		3CB01FE26044B61D5F9CD978 /* HRRTracker.swift */ = {isa = PBXFileReference; lastKnownFileType = sourcecode.swift; path = HRRTracker.swift; sourceTree = "<group>"; };
		3E185281D3C137B2FC191DF3 /* ChatView.swift */ = {isa = PBXFileReference; lastKnownFileType = sourcecode.swift; path = ChatView.swift; sourceTree = "<group>"; };
		44B1A40DB3222DE9F29DB911 /* Message.swift */ = {isa = PBXFileReference; lastKnownFileType = sourcecode.swift; path = Message.swift; sourceTree = "<group>"; };
		4503E6A3D8D7E50A75B31E59 /* VoiceInputOverlay.swift */ = {isa = PBXFileReference; lastKnownFileType = sourcecode.swift; path = VoiceInputOverlay.swift; sourceTree = "<group>"; };
		45E5A01E00E8CAA463450AE7 /* SleepQualityCard.swift */ = {isa = PBXFileReference; lastKnownFileType = sourcecode.swift; path = SleepQualityCard.swift; sourceTree = "<group>"; };
		46549276438DFE8C2E9F4F30 /* RHRTrendChart.swift */ = {isa = PBXFileReference; lastKnownFileType = sourcecode.swift; path = RHRTrendChart.swift; sourceTree = "<group>"; };
		4AB44AD1BC40C4F7F917E5DB /* CoachSelectionView.swift */ = {isa = PBXFileReference; lastKnownFileType = sourcecode.swift; path = CoachSelectionView.swift; sourceTree = "<group>"; };
		4AC47E0251CA4678773EF7C4 /* AirFitWatch.app */ = {isa = PBXFileReference; explicitFileType = wrapper.application; includeInIndex = 0; path = AirFitWatch.app; sourceTree = BUILT_PRODUCTS_DIR; };
		4B594D7DB2FF93F2E5DAB58F /* LocalToolExecutor.swift */ = {isa = PBXFileReference; lastKnownFileType = sourcecode.swift; path = LocalToolExecutor.swift; sourceTree = "<group>"; };
		4C70BE1A11016F1EB2F97055 /* HRVTrendChart.swift */ = {isa = PBXFileReference; lastKnownFileType = sourcecode.swift; path = HRVTrendChart.swift; sourceTree = "<group>"; };
		4EF866EE2F7B10A1490C3EFA /* CalorieRingGauge.swift */ = {isa = PBXFileReference; lastKnownFileType = sourcecode.swift; path = CalorieRingGauge.swift; sourceTree = "<group>"; };
		534886752F052D311D77F40F /* NutritionEntry.swift */ = {isa = PBXFileReference; lastKnownFileType = sourcecode.swift; path = NutritionEntry.swift; sourceTree = "<group>"; };
		53D1CC25CA6A9303E47C8E3B /* PermissionFlowView.swift */ = {isa = PBXFileReference; lastKnownFileType = sourcecode.swift; path = PermissionFlowView.swift; sourceTree = "<group>"; };
		53DE115231DF8A641AD95956 /* ContextManager.swift */ = {isa = PBXFileReference; lastKnownFileType = sourcecode.swift; path = ContextManager.swift; sourceTree = "<group>"; };
		5551F4B263CBA79EB33B636B /* Assets.xcassets */ = {isa = PBXFileReference; lastKnownFileType = folder.assetcatalog; path = Assets.xcassets; sourceTree = "<group>"; };
		586E5425AC0598693D6C2256 /* AirFit.app */ = {isa = PBXFileReference; includeInIndex = 0; lastKnownFileType = wrapper.application; path = AirFit.app; sourceTree = BUILT_PRODUCTS_DIR; };
		5A4FB3103CF865083C7E3636 /* WatchHealthKitManager.swift */ = {isa = PBXFileReference; lastKnownFileType = sourcecode.swift; path = WatchHealthKitManager.swift; sourceTree = "<group>"; };
		5AB73FE71AD35E61D4DDF183 /* HevyService.swift */ = {isa = PBXFileReference; lastKnownFileType = sourcecode.swift; path = HevyService.swift; sourceTree = "<group>"; };
		5B955EB48D64504EF862C261 /* ConversationSeed.swift */ = {isa = PBXFileReference; lastKnownFileType = sourcecode.swift; path = ConversationSeed.swift; sourceTree = "<group>"; };
		5C1AA9BF25BA69C4131CD3D4 /* ModelCatalog.swift */ = {isa = PBXFileReference; lastKnownFileType = sourcecode.swift; path = ModelCatalog.swift; sourceTree = "<group>"; };
		5D0E2B52422C2B8D1AEA1149 /* AudioCaptureManager.swift */ = {isa = PBXFileReference; lastKnownFileType = sourcecode.swift; path = AudioCaptureManager.swift; sourceTree = "<group>"; };
		5E338F6BDA3765AA80C9B5A0 /* VolumeComplication.swift */ = {isa = PBXFileReference; lastKnownFileType = sourcecode.swift; path = VolumeComplication.swift; sourceTree = "<group>"; };
		5F483D6C61BE50EF3610BD2C /* SplashView.swift */ = {isa = PBXFileReference; lastKnownFileType = sourcecode.swift; path = SplashView.swift; sourceTree = "<group>"; };
		61D5722787ED5DE3EB4C5029 /* ServerConfiguration.swift */ = {isa = PBXFileReference; lastKnownFileType = sourcecode.swift; path = ServerConfiguration.swift; sourceTree = "<group>"; };
		627DF30EF7B4BA47E7815BCC /* APIClient.swift */ = {isa = PBXFileReference; lastKnownFileType = sourcecode.swift; path = APIClient.swift; sourceTree = "<group>"; };
		6924EEA4186751449438F6FC /* AirFitWatchComplicationsBundle.swift */ = {isa = PBXFileReference; lastKnownFileType = sourcecode.swift; path = AirFitWatchComplicationsBundle.swift; sourceTree = "<group>"; };
		6B8DB016170AEDAE9BCD966B /* KeyboardObserver.swift */ = {isa = PBXFileReference; lastKnownFileType = sourcecode.swift; path = KeyboardObserver.swift; sourceTree = "<group>"; };
		6CCE1F35415362BF7EB832DF /* ServerCheckView.swift */ = {isa = PBXFileReference; lastKnownFileType = sourcecode.swift; path = ServerCheckView.swift; sourceTree = "<group>"; };
		6D132DFA57B215A0C7FB9879 /* AirFitApp.swift */ = {isa = PBXFileReference; lastKnownFileType = sourcecode.swift; path = AirFitApp.swift; sourceTree = "<group>"; };
		6F18291924B9B277AA417242 /* AirFitWatchApp.swift */ = {isa = PBXFileReference; lastKnownFileType = sourcecode.swift; path = AirFitWatchApp.swift; sourceTree = "<group>"; };
		7197E792DA281FE91F5760EC /* StreamingTextView.swift */ = {isa = PBXFileReference; lastKnownFileType = sourcecode.swift; path = StreamingTextView.swift; sourceTree = "<group>"; };
		74549341248D29CF575D8AF0 /* LocalInsight.swift */ = {isa = PBXFileReference; lastKnownFileType = sourcecode.swift; path = LocalInsight.swift; sourceTree = "<group>"; };
		74B8D799CC22F72A4D25E225 /* SharedDataStore.swift */ = {isa = PBXFileReference; lastKnownFileType = sourcecode.swift; path = SharedDataStore.swift; sourceTree = "<group>"; };
		774A15E4241D1468B505BA54 /* ReadinessComplication.swift */ = {isa = PBXFileReference; lastKnownFileType = sourcecode.swift; path = ReadinessComplication.swift; sourceTree = "<group>"; };
		7961D8A2A8F7F85C7E043166 /* CoachStatusCard.swift */ = {isa = PBXFileReference; lastKnownFileType = sourcecode.swift; path = CoachStatusCard.swift; sourceTree = "<group>"; };
		79D08D1522570C56D5426364 /* HRRComplication.swift */ = {isa = PBXFileReference; lastKnownFileType = sourcecode.swift; path = HRRComplication.swift; sourceTree = "<group>"; };
		7DCC89C5BCADFC5D2C256002 /* InsightTriggerService.swift */ = {isa = PBXFileReference; lastKnownFileType = sourcecode.swift; path = InsightTriggerService.swift; sourceTree = "<group>"; };
		82D28D5292AE2F388E63FAD4 /* SettingsView.swift */ = {isa = PBXFileReference; lastKnownFileType = sourcecode.swift; path = SettingsView.swift; sourceTree = "<group>"; };
		82D3355A740D207F6822ED94 /* ScrollytellingRootView.swift */ = {isa = PBXFileReference; lastKnownFileType = sourcecode.swift; path = ScrollytellingRootView.swift; sourceTree = "<group>"; };
		8318261405BB22A0FAD1E026 /* EnergyTracker.swift */ = {isa = PBXFileReference; lastKnownFileType = sourcecode.swift; path = EnergyTracker.swift; sourceTree = "<group>"; };
		867A154742B696DA937B8788 /* HevyCache.swift */ = {isa = PBXFileReference; lastKnownFileType = sourcecode.swift; path = HevyCache.swift; sourceTree = "<group>"; };
		89B815449FEAEFA711040303 /* WatchDataModels.swift */ = {isa = PBXFileReference; lastKnownFileType = sourcecode.swift; path = WatchDataModels.swift; sourceTree = "<group>"; };
		8B23ADB7ACB29AA5AA56102D /* WatchConnectivityManager.swift */ = {isa = PBXFileReference; lastKnownFileType = sourcecode.swift; path = WatchConnectivityManager.swift; sourceTree = "<group>"; };
		8BAA8A63724DB085B886BF78 /* AirFitWatchComplications.appex */ = {isa = PBXFileReference; explicitFileType = "wrapper.app-extension"; includeInIndex = 0; path = AirFitWatchComplications.appex; sourceTree = BUILT_PRODUCTS_DIR; };
		8E7E1BE8AD2D4B05418365DA /* VoiceTextField.swift */ = {isa = PBXFileReference; lastKnownFileType = sourcecode.swift; path = VoiceTextField.swift; sourceTree = "<group>"; };
		904D6550BC2548F85F0876EF /* AIRouter.swift */ = {isa = PBXFileReference; lastKnownFileType = sourcecode.swift; path = AIRouter.swift; sourceTree = "<group>"; };
		96358DBC9AE0E062912E1167 /* SpeechTranscriptionManager.swift */ = {isa = PBXFileReference; lastKnownFileType = sourcecode.swift; path = SpeechTranscriptionManager.swift; sourceTree = "<group>"; };
		964F349BFFA7ABE94E9CB4CD /* MainWatchView.swift */ = {isa = PBXFileReference; lastKnownFileType = sourcecode.swift; path = MainWatchView.swift; sourceTree = "<group>"; };
		98E29E71F6DF79F72975AD37 /* VoiceLogView.swift */ = {isa = PBXFileReference; lastKnownFileType = sourcecode.swift; path = VoiceLogView.swift; sourceTree = "<group>"; };
		9A4D2E36F71D0762CFD352C8 /* ProfileEvolutionService.swift */ = {isa = PBXFileReference; lastKnownFileType = sourcecode.swift; path = ProfileEvolutionService.swift; sourceTree = "<group>"; };
		9FCB0C5196D121E2B5593D78 /* MacroRingComplication.swift */ = {isa = PBXFileReference; lastKnownFileType = sourcecode.swift; path = MacroRingComplication.swift; sourceTree = "<group>"; };
		A0E2E2FBF94A899C7C7A0509 /* ReadinessEngine.swift */ = {isa = PBXFileReference; lastKnownFileType = sourcecode.swift; path = ReadinessEngine.swift; sourceTree = "<group>"; };
		A201180BB2B4BCEB99918CAC /* ConfettiView.swift */ = {isa = PBXFileReference; lastKnownFileType = sourcecode.swift; path = ConfettiView.swift; sourceTree = "<group>"; };
		A31C3DC48E396130629E8D5B /* QRScannerView.swift */ = {isa = PBXFileReference; lastKnownFileType = sourcecode.swift; path = QRScannerView.swift; sourceTree = "<group>"; };
		A49F7B6DE7C53486B14A5EE0 /* GeminiService.swift */ = {isa = PBXFileReference; lastKnownFileType = sourcecode.swift; path = GeminiService.swift; sourceTree = "<group>"; };
		A55C1B45988D2CFA1E2EF648 /* KeychainManager.swift */ = {isa = PBXFileReference; lastKnownFileType = sourcecode.swift; path = KeychainManager.swift; sourceTree = "<group>"; };
		A683F4B605E5B1665C3B8208 /* ModelRequiredSheet.swift */ = {isa = PBXFileReference; lastKnownFileType = sourcecode.swift; path = ModelRequiredSheet.swift; sourceTree = "<group>"; };
		A72F35023E747EE874FDE59F /* CoachingPersonaView.swift */ = {isa = PBXFileReference; lastKnownFileType = sourcecode.swift; path = CoachingPersonaView.swift; sourceTree = "<group>"; };
		ABFD7760191B5043E015F743 /* HevyCacheManager.swift */ = {isa = PBXFileReference; lastKnownFileType = sourcecode.swift; path = HevyCacheManager.swift; sourceTree = "<group>"; };
		B04A21AB4B5231F3CA0D143D /* HealthKitManager.swift */ = {isa = PBXFileReference; lastKnownFileType = sourcecode.swift; path = HealthKitManager.swift; sourceTree = "<group>"; };
		B10389DA62DAA42AE89BD787 /* ModelManager.swift */ = {isa = PBXFileReference; lastKnownFileType = sourcecode.swift; path = ModelManager.swift; sourceTree = "<group>"; };
		B157438F022A812EF8F8809C /* NutritionActivityAttributes.swift */ = {isa = PBXFileReference; lastKnownFileType = sourcecode.swift; path = NutritionActivityAttributes.swift; sourceTree = "<group>"; };
		B439158970A6E922FE79FAAB /* HeartMetricsCard.swift */ = {isa = PBXFileReference; lastKnownFileType = sourcecode.swift; path = HeartMetricsCard.swift; sourceTree = "<group>"; };
		B557A32BE6F807B38C09C7E8 /* ReadinessCard.swift */ = {isa = PBXFileReference; lastKnownFileType = sourcecode.swift; path = ReadinessCard.swift; sourceTree = "<group>"; };
		B5B58F99B5821B8AF0328E3C /* ReadinessComplication.swift */ = {isa = PBXFileReference; lastKnownFileType = sourcecode.swift; path = ReadinessComplication.swift; sourceTree = "<group>"; };
		B69F3972B4F5C53F711F8E4A /* README.md */ = {isa = PBXFileReference; lastKnownFileType = net.daringfireball.markdown; path = README.md; sourceTree = "<group>"; };
		B8E095EF26744F5A1439F4BE /* YouView.swift */ = {isa = PBXFileReference; lastKnownFileType = sourcecode.swift; path = YouView.swift; sourceTree = "<group>"; };
		B8FD867DF5F579D58E3908A1 /* VolumeComplication.swift */ = {isa = PBXFileReference; lastKnownFileType = sourcecode.swift; path = VolumeComplication.swift; sourceTree = "<group>"; };
		BA5277C7830D32640A2C74D8 /* ServerSetupView.swift */ = {isa = PBXFileReference; lastKnownFileType = sourcecode.swift; path = ServerSetupView.swift; sourceTree = "<group>"; };
		BA80BEC06E6BA86B98B11DED /* LocalInsightEngine.swift */ = {isa = PBXFileReference; lastKnownFileType = sourcecode.swift; path = LocalInsightEngine.swift; sourceTree = "<group>"; };
		BADF49A3FDB0FDBB1E17A356 /* ModelRecommendation.swift */ = {isa = PBXFileReference; lastKnownFileType = sourcecode.swift; path = ModelRecommendation.swift; sourceTree = "<group>"; };
		C02D34FFC9E57EF07E37CF3F /* LocalProfile.swift */ = {isa = PBXFileReference; lastKnownFileType = sourcecode.swift; path = LocalProfile.swift; sourceTree = "<group>"; };
		C0E15547538637AF28712B41 /* OnboardingCoordinator.swift */ = {isa = PBXFileReference; lastKnownFileType = sourcecode.swift; path = OnboardingCoordinator.swift; sourceTree = "<group>"; };
		C30161396CA868137F0A8528 /* NutritionView.swift */ = {isa = PBXFileReference; lastKnownFileType = sourcecode.swift; path = NutritionView.swift; sourceTree = "<group>"; };
		C54B0202E77C751F894BEBF6 /* PersonalitySynthesisService.swift */ = {isa = PBXFileReference; lastKnownFileType = sourcecode.swift; path = PersonalitySynthesisService.swift; sourceTree = "<group>"; };
		CA3BA4C894180A0FA433EB44 /* WelcomeView.swift */ = {isa = PBXFileReference; lastKnownFileType = sourcecode.swift; path = WelcomeView.swift; sourceTree = "<group>"; };
		CC518129CED7363E3E5C17D0 /* HevySetupView.swift */ = {isa = PBXFileReference; lastKnownFileType = sourcecode.swift; path = HevySetupView.swift; sourceTree = "<group>"; };
		CCEBF80284961321FCD660E3 /* WhisperTranscriptionService.swift */ = {isa = PBXFileReference; lastKnownFileType = sourcecode.swift; path = WhisperTranscriptionService.swift; sourceTree = "<group>"; };
		CCFF0484C993FCB05EC98F13 /* InteractiveChartView.swift */ = {isa = PBXFileReference; lastKnownFileType = sourcecode.swift; path = InteractiveChartView.swift; sourceTree = "<group>"; };
		CD7A416561CA8174BECF1CFD /* VoiceWaveformView.swift */ = {isa = PBXFileReference; lastKnownFileType = sourcecode.swift; path = VoiceWaveformView.swift; sourceTree = "<group>"; };
		CDDED7610E6E47699EE707BA /* Conversation.swift */ = {isa = PBXFileReference; lastKnownFileType = sourcecode.swift; path = Conversation.swift; sourceTree = "<group>"; };
		D1D0F48138B611B89DE036DD /* SpeechRecognizer.swift */ = {isa = PBXFileReference; lastKnownFileType = sourcecode.swift; path = SpeechRecognizer.swift; sourceTree = "<group>"; };
		D7E38684A76062F4DFE22706 /* PrivacyLevelControl.swift */ = {isa = PBXFileReference; lastKnownFileType = sourcecode.swift; path = PrivacyLevelControl.swift; sourceTree = "<group>"; };
		D886EF683348063E2E24DA8D /* GeminiSetupView.swift */ = {isa = PBXFileReference; lastKnownFileType = sourcecode.swift; path = GeminiSetupView.swift; sourceTree = "<group>"; };
		D8960CA7CDD4E1BF043AB02F /* AutoSyncManager.swift */ = {isa = PBXFileReference; lastKnownFileType = sourcecode.swift; path = AutoSyncManager.swift; sourceTree = "<group>"; };
		D9AFE115B10E4507A5D8D3C6 /* MetricRow.swift */ = {isa = PBXFileReference; lastKnownFileType = sourcecode.swift; path = MetricRow.swift; sourceTree = "<group>"; };
		DA713BBAEDA8BE51344F8791 /* VO2maxTrendChart.swift */ = {isa = PBXFileReference; lastKnownFileType = sourcecode.swift; path = VO2maxTrendChart.swift; sourceTree = "<group>"; };
		DD342DCDC0B816522BF4CBB5 /* DashboardView.swift */ = {isa = PBXFileReference; lastKnownFileType = sourcecode.swift; path = DashboardView.swift; sourceTree = "<group>"; };
		DDB14D60A576BEF73E2A85D1 /* CameraView.swift */ = {isa = PBXFileReference; lastKnownFileType = sourcecode.swift; path = CameraView.swift; sourceTree = "<group>"; };
		DDE3970A58060255BF6E58E2 /* ModelDescriptor.swift */ = {isa = PBXFileReference; lastKnownFileType = sourcecode.swift; path = ModelDescriptor.swift; sourceTree = "<group>"; };
		DEEFA582B495D0F9C4D2C4F7 /* WhisperKitAdapter.swift */ = {isa = PBXFileReference; lastKnownFileType = sourcecode.swift; path = WhisperKitAdapter.swift; sourceTree = "<group>"; };
		DFD9732A6302AFD9D41C2F19 /* ModelDownloader.swift */ = {isa = PBXFileReference; lastKnownFileType = sourcecode.swift; path = ModelDownloader.swift; sourceTree = "<group>"; };
		E2BADF0CAED872DC1A41F1FC /* StrengthDetailView.swift */ = {isa = PBXFileReference; lastKnownFileType = sourcecode.swift; path = StrengthDetailView.swift; sourceTree = "<group>"; };
		E5FD2A9433D22F957CF05383 /* MemorySyncService.swift */ = {isa = PBXFileReference; lastKnownFileType = sourcecode.swift; path = MemorySyncService.swift; sourceTree = "<group>"; };
		E94C61DF9C75F84797C36D8A /* OnboardingCompletionView.swift */ = {isa = PBXFileReference; lastKnownFileType = sourcecode.swift; path = OnboardingCompletionView.swift; sourceTree = "<group>"; };
		E96830CE00B0839C473D2721 /* MemoryMarkerProcessor.swift */ = {isa = PBXFileReference; lastKnownFileType = sourcecode.swift; path = MemoryMarkerProcessor.swift; sourceTree = "<group>"; };
		E9B044AF8CB3DAEBE3CD44E7 /* NotificationManager.swift */ = {isa = PBXFileReference; lastKnownFileType = sourcecode.swift; path = NotificationManager.swift; sourceTree = "<group>"; };
		EA200E34BD9B55997233231D /* TrainingView.swift */ = {isa = PBXFileReference; lastKnownFileType = sourcecode.swift; path = TrainingView.swift; sourceTree = "<group>"; };
		EA8FB6A47039665116DC2798 /* WaterTrackingCard.swift */ = {isa = PBXFileReference; lastKnownFileType = sourcecode.swift; path = WaterTrackingCard.swift; sourceTree = "<group>"; };
		EAA65B35292D7F7B10A2DEA8 /* CustomTabBar.swift */ = {isa = PBXFileReference; lastKnownFileType = sourcecode.swift; path = CustomTabBar.swift; sourceTree = "<group>"; };
		EE61BAFE50B260778B9855A3 /* WorkoutDetailSheet.swift */ = {isa = PBXFileReference; lastKnownFileType = sourcecode.swift; path = WorkoutDetailSheet.swift; sourceTree = "<group>"; };
		EEDD4F8880D4423D6B29F004 /* ModelStore.swift */ = {isa = PBXFileReference; lastKnownFileType = sourcecode.swift; path = ModelStore.swift; sourceTree = "<group>"; };
		F103229168D2BEDFFDEDF899 /* BreathingMeshBackground.swift */ = {isa = PBXFileReference; lastKnownFileType = sourcecode.swift; path = BreathingMeshBackground.swift; sourceTree = "<group>"; };
		F20158F11AF627B20A77D9C6 /* Theme.swift */ = {isa = PBXFileReference; lastKnownFileType = sourcecode.swift; path = Theme.swift; sourceTree = "<group>"; };
		F2B9F20CE7F3DE8ADD77BD7E /* WorkoutHRRView.swift */ = {isa = PBXFileReference; lastKnownFileType = sourcecode.swift; path = WorkoutHRRView.swift; sourceTree = "<group>"; };
		F433FE4F7C2C763AB6854121 /* LiveActivityManager.swift */ = {isa = PBXFileReference; lastKnownFileType = sourcecode.swift; path = LiveActivityManager.swift; sourceTree = "<group>"; };
		F5DD7BFAF9DF47F3F351173F /* AirFitSplash.swift */ = {isa = PBXFileReference; lastKnownFileType = sourcecode.swift; path = AirFitSplash.swift; sourceTree = "<group>"; };
		F63A4E1AF1EE4CCF9B29A6D6 /* HRRecoveryChart.swift */ = {isa = PBXFileReference; lastKnownFileType = sourcecode.swift; path = HRRecoveryChart.swift; sourceTree = "<group>"; };
		F7CDCE77EC94B433B53B151E /* AppearanceControl.swift */ = {isa = PBXFileReference; lastKnownFileType = sourcecode.swift; path = AppearanceControl.swift; sourceTree = "<group>"; };
		F9F5E62896F187C6969B69CF /* WatchConnectivityHandler.swift */ = {isa = PBXFileReference; lastKnownFileType = sourcecode.swift; path = WatchConnectivityHandler.swift; sourceTree = "<group>"; };
		FC2E94E3F09FB50E4140F437 /* ProfileView.swift */ = {isa = PBXFileReference; lastKnownFileType = sourcecode.swift; path = ProfileView.swift; sourceTree = "<group>"; };
		FC86873D36371527B00B0A75 /* Assets.xcassets */ = {isa = PBXFileReference; lastKnownFileType = folder.assetcatalog; path = Assets.xcassets; sourceTree = "<group>"; };
		FCBA7FAF7F548FC384CA4ED9 /* CoachConfigurationSheet.swift */ = {isa = PBXFileReference; lastKnownFileType = sourcecode.swift; path = CoachConfigurationSheet.swift; sourceTree = "<group>"; };
/* End PBXFileReference section */

/* Begin PBXFrameworksBuildPhase section */
		2F36D6C312865A1A6E4DA3B8 /* Frameworks */ = {
			isa = PBXFrameworksBuildPhase;
			buildActionMask = 2147483647;
			files = (
				9E15A84A6FE5465A339A84A5 /* WhisperKit in Frameworks */,
			);
			runOnlyForDeploymentPostprocessing = 0;
		};
/* End PBXFrameworksBuildPhase section */

/* Begin PBXGroup section */
		04AF2EE2D367AD9C6D31B939 /* Models */ = {
			isa = PBXGroup;
			children = (
				5C1AA9BF25BA69C4131CD3D4 /* ModelCatalog.swift */,
				DDE3970A58060255BF6E58E2 /* ModelDescriptor.swift */,
				DFD9732A6302AFD9D41C2F19 /* ModelDownloader.swift */,
				B10389DA62DAA42AE89BD787 /* ModelManager.swift */,
				EEDD4F8880D4423D6B29F004 /* ModelStore.swift */,
			);
			path = Models;
			sourceTree = "<group>";
		};
		181176B063294BB501A55B61 /* Complications */ = {
			isa = PBXGroup;
			children = (
				9FCB0C5196D121E2B5593D78 /* MacroRingComplication.swift */,
				B5B58F99B5821B8AF0328E3C /* ReadinessComplication.swift */,
				5E338F6BDA3765AA80C9B5A0 /* VolumeComplication.swift */,
			);
			path = Complications;
			sourceTree = "<group>";
		};
		18F8D615CC2F2CCCBB7AC744 /* App */ = {
			isa = PBXGroup;
			children = (
				6D132DFA57B215A0C7FB9879 /* AirFitApp.swift */,
			);
			path = App;
			sourceTree = "<group>";
		};
		1A32CE1AD93E5668A24E2B12 /* UI */ = {
			isa = PBXGroup;
			children = (
				A683F4B605E5B1665C3B8208 /* ModelRequiredSheet.swift */,
				3175912F7293002B8C07E099 /* SpeechSettingsView.swift */,
			);
			path = UI;
			sourceTree = "<group>";
		};
		260578D67D53CD17A0FDC8B0 /* Models */ = {
			isa = PBXGroup;
			children = (
				CDDED7610E6E47699EE707BA /* Conversation.swift */,
				5B955EB48D64504EF862C261 /* ConversationSeed.swift */,
				867A154742B696DA937B8788 /* HevyCache.swift */,
				74549341248D29CF575D8AF0 /* LocalInsight.swift */,
				C02D34FFC9E57EF07E37CF3F /* LocalProfile.swift */,
				44B1A40DB3222DE9F29DB911 /* Message.swift */,
				B157438F022A812EF8F8809C /* NutritionActivityAttributes.swift */,
				534886752F052D311D77F40F /* NutritionEntry.swift */,
				07E323360222BC2C7FA9E32C /* WaterEntry.swift */,
			);
			path = Models;
			sourceTree = "<group>";
		};
		28A6F4E579CCAC762593105D /* Views */ = {
			isa = PBXGroup;
			children = (
				964F349BFFA7ABE94E9CB4CD /* MainWatchView.swift */,
				98E29E71F6DF79F72975AD37 /* VoiceLogView.swift */,
				F2B9F20CE7F3DE8ADD77BD7E /* WorkoutHRRView.swift */,
			);
			path = Views;
			sourceTree = "<group>";
		};
		28E4AD2BF48E0955905C212A /* DeviceInfo */ = {
			isa = PBXGroup;
			children = (
				3730ED165E6DD2A679DA0686 /* DeviceCapabilities.swift */,
				BADF49A3FDB0FDBB1E17A356 /* ModelRecommendation.swift */,
			);
			path = DeviceInfo;
			sourceTree = "<group>";
		};
		320042C87E8F9C965BBE9A99 /* Utilities */ = {
			isa = PBXGroup;
			children = (
				6B8DB016170AEDAE9BCD966B /* KeyboardObserver.swift */,
				E96830CE00B0839C473D2721 /* MemoryMarkerProcessor.swift */,
			);
			path = Utilities;
			sourceTree = "<group>";
		};
		3B8D1DCD9767E74449572189 /* AirFitWatchComplications */ = {
			isa = PBXGroup;
			children = (
				3197A947D9269EF5205ED076 /* AirFitWatchComplications.entitlements */,
				6924EEA4186751449438F6FC /* AirFitWatchComplicationsBundle.swift */,
				79D08D1522570C56D5426364 /* HRRComplication.swift */,
				0A836B46029D296A3E09CA49 /* Info.plist */,
				0B37C5BC56C8105608F69578 /* MacroComplication.swift */,
				774A15E4241D1468B505BA54 /* ReadinessComplication.swift */,
				74B8D799CC22F72A4D25E225 /* SharedDataStore.swift */,
				B8FD867DF5F579D58E3908A1 /* VolumeComplication.swift */,
			);
			path = AirFitWatchComplications;
			sourceTree = "<group>";
		};
		4BB11638AA86DB7F89D7B61D /* App */ = {
			isa = PBXGroup;
			children = (
				6F18291924B9B277AA417242 /* AirFitWatchApp.swift */,
			);
			path = App;
			sourceTree = "<group>";
		};
		4D095D69A24E7C5BC0F8241D /* Transcription */ = {
			isa = PBXGroup;
			children = (
				5D0E2B52422C2B8D1AEA1149 /* AudioCaptureManager.swift */,
				02EA092654598EFDA405A771 /* TranscriptionServiceProtocol.swift */,
				DEEFA582B495D0F9C4D2C4F7 /* WhisperKitAdapter.swift */,
				CCEBF80284961321FCD660E3 /* WhisperTranscriptionService.swift */,
			);
			path = Transcription;
			sourceTree = "<group>";
		};
		4D3AC59DDA3AFE3234212248 /* Services */ = {
			isa = PBXGroup;
			children = (
				904D6550BC2548F85F0876EF /* AIRouter.swift */,
				627DF30EF7B4BA47E7815BCC /* APIClient.swift */,
				D8960CA7CDD4E1BF043AB02F /* AutoSyncManager.swift */,
				53DE115231DF8A641AD95956 /* ContextManager.swift */,
				8318261405BB22A0FAD1E026 /* EnergyTracker.swift */,
				A49F7B6DE7C53486B14A5EE0 /* GeminiService.swift */,
				B04A21AB4B5231F3CA0D143D /* HealthKitManager.swift */,
				ABFD7760191B5043E015F743 /* HevyCacheManager.swift */,
				5AB73FE71AD35E61D4DDF183 /* HevyService.swift */,
				104CBEBAFE2CC36C1764F33A /* InsightsSyncService.swift */,
				7DCC89C5BCADFC5D2C256002 /* InsightTriggerService.swift */,
				A55C1B45988D2CFA1E2EF648 /* KeychainManager.swift */,
				F433FE4F7C2C763AB6854121 /* LiveActivityManager.swift */,
				BA80BEC06E6BA86B98B11DED /* LocalInsightEngine.swift */,
				4B594D7DB2FF93F2E5DAB58F /* LocalToolExecutor.swift */,
				E5FD2A9433D22F957CF05383 /* MemorySyncService.swift */,
				E9B044AF8CB3DAEBE3CD44E7 /* NotificationManager.swift */,
				C54B0202E77C751F894BEBF6 /* PersonalitySynthesisService.swift */,
				9A4D2E36F71D0762CFD352C8 /* ProfileEvolutionService.swift */,
				A0E2E2FBF94A899C7C7A0509 /* ReadinessEngine.swift */,
				61D5722787ED5DE3EB4C5029 /* ServerConfiguration.swift */,
				D1D0F48138B611B89DE036DD /* SpeechRecognizer.swift */,
				96358DBC9AE0E062912E1167 /* SpeechTranscriptionManager.swift */,
				F9F5E62896F187C6969B69CF /* WatchConnectivityHandler.swift */,
			);
			path = Services;
			sourceTree = "<group>";
		};
		4D4630DF8E3F19E64841242B /* Models */ = {
			isa = PBXGroup;
			children = (
				89B815449FEAEFA711040303 /* WatchDataModels.swift */,
			);
			path = Models;
			sourceTree = "<group>";
		};
		52FE9A950EE5B68C9594BF79 = {
			isa = PBXGroup;
			children = (
				D2AB432B78CE0A77B5E836FF /* AirFit */,
				A504E3798EC739FB24A0B907 /* AirFitWatch */,
				3B8D1DCD9767E74449572189 /* AirFitWatchComplications */,
				8726EB0B227738D2959722FE /* Products */,
			);
			sourceTree = "<group>";
		};
		6E65CDD825CA54EEC0C8A5C5 /* Onboarding */ = {
			isa = PBXGroup;
			children = (
				34BD37F0DE6FCFF69AC1CFC4 /* CoachingCalibrationView.swift */,
				4AB44AD1BC40C4F7F917E5DB /* CoachSelectionView.swift */,
				D886EF683348063E2E24DA8D /* GeminiSetupView.swift */,
				CC518129CED7363E3E5C17D0 /* HevySetupView.swift */,
				E94C61DF9C75F84797C36D8A /* OnboardingCompletionView.swift */,
				C0E15547538637AF28712B41 /* OnboardingCoordinator.swift */,
				24576AB1E55D9F4DF61C99E2 /* OnboardingInterviewView.swift */,
				53D1CC25CA6A9303E47C8E3B /* PermissionFlowView.swift */,
				6CCE1F35415362BF7EB832DF /* ServerCheckView.swift */,
				BA5277C7830D32640A2C74D8 /* ServerSetupView.swift */,
				5F483D6C61BE50EF3610BD2C /* SplashView.swift */,
				CA3BA4C894180A0FA433EB44 /* WelcomeView.swift */,
			);
			path = Onboarding;
			sourceTree = "<group>";
		};
		71BDCD90FEEE4A0303211AE9 /* Services */ = {
			isa = PBXGroup;
			children = (
				3CB01FE26044B61D5F9CD978 /* HRRTracker.swift */,
				8B23ADB7ACB29AA5AA56102D /* WatchConnectivityManager.swift */,
				5A4FB3103CF865083C7E3636 /* WatchHealthKitManager.swift */,
			);
			path = Services;
			sourceTree = "<group>";
		};
		8451F29B8CBEE661ADD43B99 /* Dashboard */ = {
			isa = PBXGroup;
			children = (
				B439158970A6E922FE79FAAB /* HeartMetricsCard.swift */,
				F63A4E1AF1EE4CCF9B29A6D6 /* HRRecoveryChart.swift */,
				0398F3DC5EDD208F67DAAD22 /* HRVDeviationChart.swift */,
				4C70BE1A11016F1EB2F97055 /* HRVTrendChart.swift */,
				B557A32BE6F807B38C09C7E8 /* ReadinessCard.swift */,
				46549276438DFE8C2E9F4F30 /* RHRTrendChart.swift */,
				45E5A01E00E8CAA463450AE7 /* SleepQualityCard.swift */,
				DA713BBAEDA8BE51344F8791 /* VO2maxTrendChart.swift */,
			);
			path = Dashboard;
			sourceTree = "<group>";
		};
		8726EB0B227738D2959722FE /* Products */ = {
			isa = PBXGroup;
			children = (
				586E5425AC0598693D6C2256 /* AirFit.app */,
				4AC47E0251CA4678773EF7C4 /* AirFitWatch.app */,
				8BAA8A63724DB085B886BF78 /* AirFitWatchComplications.appex */,
			);
			name = Products;
			sourceTree = "<group>";
		};
		A504E3798EC739FB24A0B907 /* AirFitWatch */ = {
			isa = PBXGroup;
			children = (
				0AD4226845AA5D0FC80194E7 /* AirFitWatch.entitlements */,
				5551F4B263CBA79EB33B636B /* Assets.xcassets */,
				2E5ABACCB3A48AB4AA7DB847 /* Info.plist */,
				4BB11638AA86DB7F89D7B61D /* App */,
				181176B063294BB501A55B61 /* Complications */,
				4D4630DF8E3F19E64841242B /* Models */,
				71BDCD90FEEE4A0303211AE9 /* Services */,
				28A6F4E579CCAC762593105D /* Views */,
			);
			path = AirFitWatch;
			sourceTree = "<group>";
		};
		AF9F1C06B73A0B0688A95A63 /* Views */ = {
			isa = PBXGroup;
			children = (
				F5DD7BFAF9DF47F3F351173F /* AirFitSplash.swift */,
				07E6910E70A0A2F0AAA34E2C /* BodyView.swift */,
				F103229168D2BEDFFDEDF899 /* BreathingMeshBackground.swift */,
				3E185281D3C137B2FC191DF3 /* ChatView.swift */,
				A72F35023E747EE874FDE59F /* CoachingPersonaView.swift */,
				DD342DCDC0B816522BF4CBB5 /* DashboardView.swift */,
				21D6A0C602D3EAFB82999F14 /* InsightsView.swift */,
				CCFF0484C993FCB05EC98F13 /* InteractiveChartView.swift */,
				D9AFE115B10E4507A5D8D3C6 /* MetricRow.swift */,
				159333A4C593F781D6AC0D79 /* MiniSparkline.swift */,
				C30161396CA868137F0A8528 /* NutritionView.swift */,
				FC2E94E3F09FB50E4140F437 /* ProfileView.swift */,
				82D3355A740D207F6822ED94 /* ScrollytellingRootView.swift */,
				82D28D5292AE2F388E63FAD4 /* SettingsView.swift */,
				E2BADF0CAED872DC1A41F1FC /* StrengthDetailView.swift */,
				F20158F11AF627B20A77D9C6 /* Theme.swift */,
				EA200E34BD9B55997233231D /* TrainingView.swift */,
				03FC2ED7315A4A5FD82AE857 /* VoiceOverlay.swift */,
				EE61BAFE50B260778B9855A3 /* WorkoutDetailSheet.swift */,
				B8E095EF26744F5A1439F4BE /* YouView.swift */,
				F2F723C267C62566AE0CCFA7 /* Components */,
				8451F29B8CBEE661ADD43B99 /* Dashboard */,
				6E65CDD825CA54EEC0C8A5C5 /* Onboarding */,
			);
			path = Views;
			sourceTree = "<group>";
		};
		CA9C214415825F9C6790992C /* Speech */ = {
			isa = PBXGroup;
			children = (
				B69F3972B4F5C53F711F8E4A /* README.md */,
				28E4AD2BF48E0955905C212A /* DeviceInfo */,
				04AF2EE2D367AD9C6D31B939 /* Models */,
				4D095D69A24E7C5BC0F8241D /* Transcription */,
				1A32CE1AD93E5668A24E2B12 /* UI */,
			);
			path = Speech;
			sourceTree = "<group>";
		};
		D2AB432B78CE0A77B5E836FF /* AirFit */ = {
			isa = PBXGroup;
			children = (
				FC86873D36371527B00B0A75 /* Assets.xcassets */,
				18F8D615CC2F2CCCBB7AC744 /* App */,
				260578D67D53CD17A0FDC8B0 /* Models */,
				4D3AC59DDA3AFE3234212248 /* Services */,
				CA9C214415825F9C6790992C /* Speech */,
				320042C87E8F9C965BBE9A99 /* Utilities */,
				AF9F1C06B73A0B0688A95A63 /* Views */,
			);
			path = AirFit;
			sourceTree = "<group>";
		};
		F2F723C267C62566AE0CCFA7 /* Components */ = {
			isa = PBXGroup;
			children = (
				0E783504FB15CA57A7979868 /* AdvancedSection.swift */,
				08B8E65251F5752D5A0F4F2D /* AIModeSelector.swift */,
				F7CDCE77EC94B433B53B151E /* AppearanceControl.swift */,
				4EF866EE2F7B10A1490C3EFA /* CalorieRingGauge.swift */,
				DDB14D60A576BEF73E2A85D1 /* CameraView.swift */,
				FCBA7FAF7F548FC384CA4ED9 /* CoachConfigurationSheet.swift */,
				7961D8A2A8F7F85C7E043166 /* CoachStatusCard.swift */,
				A201180BB2B4BCEB99918CAC /* ConfettiView.swift */,
				EAA65B35292D7F7B10A2DEA8 /* CustomTabBar.swift */,
				D7E38684A76062F4DFE22706 /* PrivacyLevelControl.swift */,
				A31C3DC48E396130629E8D5B /* QRScannerView.swift */,
				7197E792DA281FE91F5760EC /* StreamingTextView.swift */,
				4503E6A3D8D7E50A75B31E59 /* VoiceInputOverlay.swift */,
				8E7E1BE8AD2D4B05418365DA /* VoiceTextField.swift */,
				CD7A416561CA8174BECF1CFD /* VoiceWaveformView.swift */,
				EA8FB6A47039665116DC2798 /* WaterTrackingCard.swift */,
			);
			path = Components;
			sourceTree = "<group>";
		};
/* End PBXGroup section */

/* Begin PBXNativeTarget section */
		3931A9F418E835F2FA67594B /* AirFitWatchComplications */ = {
			isa = PBXNativeTarget;
			buildConfigurationList = 01A6493076FDAFAF6F47D5CB /* Build configuration list for PBXNativeTarget "AirFitWatchComplications" */;
			buildPhases = (
				E14A8B7D7E281BC8CC08D0CB /* Sources */,
			);
			buildRules = (
			);
			dependencies = (
			);
			name = AirFitWatchComplications;
			packageProductDependencies = (
			);
			productName = AirFitWatchComplications;
			productReference = 8BAA8A63724DB085B886BF78 /* AirFitWatchComplications.appex */;
			productType = "com.apple.product-type.app-extension";
		};
		A7EF7FFCFA9AD728BB8E121A /* AirFitWatch */ = {
			isa = PBXNativeTarget;
			buildConfigurationList = 95D3EA832D0BA2FCA48B725C /* Build configuration list for PBXNativeTarget "AirFitWatch" */;
			buildPhases = (
				50A1EA50F5F68320A634755D /* Sources */,
				04AB871F95FB703FEDECE61F /* Resources */,
				6D1E658A03B2521FDEC27454 /* Embed Foundation Extensions */,
			);
			buildRules = (
			);
			dependencies = (
				58AF4E3EEEAFCF59BF257133 /* PBXTargetDependency */,
			);
			name = AirFitWatch;
			packageProductDependencies = (
			);
			productName = AirFitWatch;
			productReference = 4AC47E0251CA4678773EF7C4 /* AirFitWatch.app */;
			productType = "com.apple.product-type.application";
		};
		E069A004596F5A1F5CADCE09 /* AirFit */ = {
			isa = PBXNativeTarget;
			buildConfigurationList = B21A214DF8B8953D2E964C3C /* Build configuration list for PBXNativeTarget "AirFit" */;
			buildPhases = (
				93849077ACDC8B616B3590D8 /* Sources */,
				C2B3974EC3F8D8C0014CEE15 /* Resources */,
				2F36D6C312865A1A6E4DA3B8 /* Frameworks */,
				E93AB98E7C1FF4B8EE653EA9 /* Embed Watch Content */,
			);
			buildRules = (
			);
			dependencies = (
				80C0376F49E389F3437C521D /* PBXTargetDependency */,
			);
			name = AirFit;
			packageProductDependencies = (
				CF7514A2CFD66EB6C9EE9518 /* WhisperKit */,
			);
			productName = AirFit;
			productReference = 586E5425AC0598693D6C2256 /* AirFit.app */;
			productType = "com.apple.product-type.application";
		};
/* End PBXNativeTarget section */

/* Begin PBXProject section */
		4DE6950C247E7BED46A7B7FC /* Project object */ = {
			isa = PBXProject;
			attributes = {
				BuildIndependentTargetsInParallel = YES;
				LastUpgradeCheck = 1600;
				TargetAttributes = {
					3931A9F418E835F2FA67594B = {
						DevelopmentTeam = 2H43Q8Y3CR;
						ProvisioningStyle = Automatic;
					};
					A7EF7FFCFA9AD728BB8E121A = {
						DevelopmentTeam = 2H43Q8Y3CR;
						ProvisioningStyle = Automatic;
					};
					E069A004596F5A1F5CADCE09 = {
						DevelopmentTeam = 2H43Q8Y3CR;
						ProvisioningStyle = Automatic;
					};
				};
			};
			buildConfigurationList = 0CAF143C94D8CC3670077696 /* Build configuration list for PBXProject "AirFit" */;
			compatibilityVersion = "Xcode 14.0";
			developmentRegion = en;
			hasScannedForEncodings = 0;
			knownRegions = (
				Base,
				en,
			);
			mainGroup = 52FE9A950EE5B68C9594BF79;
			minimizedProjectReferenceProxies = 1;
			packageReferences = (
				3341A2A81E6197C41AD9FF54 /* XCRemoteSwiftPackageReference "WhisperKit" */,
			);
			preferredProjectObjectVersion = 54;
			projectDirPath = "";
			projectRoot = "";
			targets = (
				E069A004596F5A1F5CADCE09 /* AirFit */,
				A7EF7FFCFA9AD728BB8E121A /* AirFitWatch */,
				3931A9F418E835F2FA67594B /* AirFitWatchComplications */,
			);
		};
/* End PBXProject section */

/* Begin PBXResourcesBuildPhase section */
		04AB871F95FB703FEDECE61F /* Resources */ = {
			isa = PBXResourcesBuildPhase;
			buildActionMask = 2147483647;
			files = (
				E7D29830102325CC76728D07 /* Assets.xcassets in Resources */,
			);
			runOnlyForDeploymentPostprocessing = 0;
		};
		C2B3974EC3F8D8C0014CEE15 /* Resources */ = {
			isa = PBXResourcesBuildPhase;
			buildActionMask = 2147483647;
			files = (
				87E07F9A83E5D34B7BD468AF /* Assets.xcassets in Resources */,
				5552EF0F9597694CF77F3F2C /* README.md in Resources */,
			);
			runOnlyForDeploymentPostprocessing = 0;
		};
/* End PBXResourcesBuildPhase section */

/* Begin PBXSourcesBuildPhase section */
		50A1EA50F5F68320A634755D /* Sources */ = {
			isa = PBXSourcesBuildPhase;
			buildActionMask = 2147483647;
			files = (
				1659CBF3D3E58C22BA168FFE /* AirFitWatchApp.swift in Sources */,
				C42FDF8D70D7718D42CE2C1C /* HRRTracker.swift in Sources */,
				56865E1FF04CD2EC9C93DA50 /* MacroRingComplication.swift in Sources */,
				87DEEBEBB2DFBF21705598AC /* MainWatchView.swift in Sources */,
				83EE286AFC0E3E7550B95CCC /* ReadinessComplication.swift in Sources */,
				B088EA902F1B0594504B04DB /* VoiceLogView.swift in Sources */,
				67970F021B1EC088C15F9E34 /* VolumeComplication.swift in Sources */,
				8457392A7CFA6D3DE4DFC715 /* WatchConnectivityManager.swift in Sources */,
				677240095D5C5A84C98ED69D /* WatchDataModels.swift in Sources */,
				CD6E77028DC658B48F9C51A7 /* WatchHealthKitManager.swift in Sources */,
				CD02CD1472C9BA414EDE33C4 /* WorkoutHRRView.swift in Sources */,
			);
			runOnlyForDeploymentPostprocessing = 0;
		};
		93849077ACDC8B616B3590D8 /* Sources */ = {
			isa = PBXSourcesBuildPhase;
			buildActionMask = 2147483647;
			files = (
				3932058A4C14CD38F1BFBB8A /* AIModeSelector.swift in Sources */,
				F26F8707ECB3341BA4D660AF /* AIRouter.swift in Sources */,
				324A5A6A5BC0F0279CA7F937 /* APIClient.swift in Sources */,
				6AE63439870C35A00C0E6FA7 /* AdvancedSection.swift in Sources */,
				5B5D575967A5E13E5BD0D85F /* AirFitApp.swift in Sources */,
				8405359B4D259DD35FFDCE3C /* AirFitSplash.swift in Sources */,
				06E79BED026304AAB40C73CB /* AppearanceControl.swift in Sources */,
				14375A42D659B0624E423536 /* AudioCaptureManager.swift in Sources */,
				2F774BF6C47671E511B6B773 /* AutoSyncManager.swift in Sources */,
				E04B84D8E03AF2B6CBB208B6 /* BodyView.swift in Sources */,
				DC1B9D102A3EEBD23FCC6FC7 /* BreathingMeshBackground.swift in Sources */,
				ACE783577E0830EB6AAA7D13 /* CalorieRingGauge.swift in Sources */,
				D9DCEDDEB719A436EDF60BF4 /* CameraView.swift in Sources */,
				F1BAD78EBD0D15FA961D6063 /* ChatView.swift in Sources */,
				42FE8AA562BF6EDB266E794E /* CoachConfigurationSheet.swift in Sources */,
				CE0702C7990155A49C00CEB2 /* CoachSelectionView.swift in Sources */,
				80093BDE1E665B47A0234CCA /* CoachStatusCard.swift in Sources */,
				8A0E6A9690E7721442529D82 /* CoachingCalibrationView.swift in Sources */,
				108436DD76711EBA741480D1 /* CoachingPersonaView.swift in Sources */,
				5CFF5B6206AE30EE14831048 /* ConfettiView.swift in Sources */,
				773E8EC680904B4C3E029F5B /* ContextManager.swift in Sources */,
				AA8348ED0B20041E10F27AA4 /* Conversation.swift in Sources */,
				6C367991A6BCB6AA5A08B6A6 /* ConversationSeed.swift in Sources */,
				941FB15FC1855CBC061D3668 /* CustomTabBar.swift in Sources */,
				1FD926055A68B0B34091D4D3 /* DashboardView.swift in Sources */,
				DB256BFD3B57FE9DE61504A6 /* DeviceCapabilities.swift in Sources */,
				2F636B03872F5C203AED18F0 /* EnergyTracker.swift in Sources */,
				276B8D8E60010CADB103776F /* GeminiService.swift in Sources */,
				8543BCE2D3732F6645518FDC /* GeminiSetupView.swift in Sources */,
				6DFDA0A87AA73F93AB33E780 /* HRRecoveryChart.swift in Sources */,
				29A6F3071FFE8944853A19D3 /* HRVDeviationChart.swift in Sources */,
				8D0DF3A8EC2D728B2E67333B /* HRVTrendChart.swift in Sources */,
				6ECD5931F6D6667C42AF897C /* HealthKitManager.swift in Sources */,
				B419569EC3D520130812D5A8 /* HeartMetricsCard.swift in Sources */,
				276DECF33541A6E229E44691 /* HevyCache.swift in Sources */,
				3A1386228B8F1DD67F2B3AD5 /* HevyCacheManager.swift in Sources */,
				6950A5062B415CD0C7C510C3 /* HevyService.swift in Sources */,
				DB9B0C235211C689C9DB3650 /* HevySetupView.swift in Sources */,
				290F7FB55413A515A97FDCCC /* InsightTriggerService.swift in Sources */,
				34AA5C3E6187B5499E129179 /* InsightsSyncService.swift in Sources */,
				396815211144E101BCA78207 /* InsightsView.swift in Sources */,
				C7B7FB34E26FFFC6F14DC3B1 /* InteractiveChartView.swift in Sources */,
				B8EAC985B2F2AA555D1093D0 /* KeyboardObserver.swift in Sources */,
				3A159935C8D099BF117E8BAB /* KeychainManager.swift in Sources */,
				F781A1F820AE0829D3E6515F /* LiveActivityManager.swift in Sources */,
				3FC9C26CA401B5973C55D1ED /* LocalInsight.swift in Sources */,
				FD6013094E025515B45673EC /* LocalInsightEngine.swift in Sources */,
				222C3B0352E8F3C32DEF0BB0 /* LocalProfile.swift in Sources */,
				F5895F809B71E3AF5EA46FE7 /* LocalToolExecutor.swift in Sources */,
				A9FC6531C3F0D1EF39349600 /* MemoryMarkerProcessor.swift in Sources */,
				4030914CFAA47F27A0D987CE /* MemorySyncService.swift in Sources */,
				D5115F385A38D1C9F713ABF1 /* Message.swift in Sources */,
				192D58EF9C1A5E2F6576DCC9 /* MetricRow.swift in Sources */,
				D2C2E5A689DCE8189A98462F /* MiniSparkline.swift in Sources */,
				CF935102CAD99AAC489F4676 /* ModelCatalog.swift in Sources */,
				F031014D979E58DD4F0D30A8 /* ModelDescriptor.swift in Sources */,
				211B4E93E301444B18A13A10 /* ModelDownloader.swift in Sources */,
				9E8A881F17C743A14464B25F /* ModelManager.swift in Sources */,
				7A975B3FEF12DB1C7243013E /* ModelRecommendation.swift in Sources */,
				ED9183B56A2E9D7F7F592FFA /* ModelRequiredSheet.swift in Sources */,
				58B73525419036D200BA051E /* ModelStore.swift in Sources */,
				0890ADE661871EDA02A1AE9E /* NotificationManager.swift in Sources */,
				0460671DEC39FF9F8402A71C /* NutritionActivityAttributes.swift in Sources */,
				E502A7BA87DBCD2F936EFB99 /* NutritionEntry.swift in Sources */,
				C31A340552E9F54B10916EFF /* NutritionView.swift in Sources */,
				FAA8046BA20B325A7C8845F4 /* OnboardingCompletionView.swift in Sources */,
				812F42F3931B8AE8083C229F /* OnboardingCoordinator.swift in Sources */,
				7D9A8D18FB9B1AEE56BED03F /* OnboardingInterviewView.swift in Sources */,
				2519DB8F2F9005614DB67874 /* PermissionFlowView.swift in Sources */,
				86FD44E5B8A20022C5AE6153 /* PersonalitySynthesisService.swift in Sources */,
				980C40A5DE4B0902C9401A8F /* PrivacyLevelControl.swift in Sources */,
				251EB981FF43940ED0236D03 /* ProfileEvolutionService.swift in Sources */,
				F1097D3E7D73A94986E2632C /* ProfileView.swift in Sources */,
				46926AEB060733FE1532090C /* QRScannerView.swift in Sources */,
				6594F47046B597C8C8ABD8FA /* RHRTrendChart.swift in Sources */,
				C7B334925E6C87E8F65DD0AB /* ReadinessCard.swift in Sources */,
				34279D3ADB04B781EC492BC6 /* ReadinessEngine.swift in Sources */,
				2DF18BE6F7F2D6B846CC541B /* ScrollytellingRootView.swift in Sources */,
				E3C81A9F616B20F52DDEE7E5 /* ServerCheckView.swift in Sources */,
				F7D7E9864E65D5C777649501 /* ServerConfiguration.swift in Sources */,
				757681DC62717AF2033B7501 /* ServerSetupView.swift in Sources */,
				2208DFB4AA8351B900923106 /* SettingsView.swift in Sources */,
				7033B9976837782986149AEC /* SleepQualityCard.swift in Sources */,
				A52412FEB692B9B64D902DA7 /* SpeechRecognizer.swift in Sources */,
				97750111A2B7DDF320EE6093 /* SpeechSettingsView.swift in Sources */,
				7E091E8D040AB54EEFE4A725 /* SpeechTranscriptionManager.swift in Sources */,
				30FE638F1D7A2BF8D65FD1E0 /* SplashView.swift in Sources */,
				CF23AC3D22C6A408EABBA414 /* StreamingTextView.swift in Sources */,
				A1239321766B6035C833F946 /* StrengthDetailView.swift in Sources */,
				6B5FE3A95BDF52242D65ACA6 /* Theme.swift in Sources */,
				E7B34C651A0162B34083126C /* TrainingView.swift in Sources */,
				9A5650D37BE700DD621DD651 /* TranscriptionServiceProtocol.swift in Sources */,
				5DB2700A9249C0AFA32B98DA /* VO2maxTrendChart.swift in Sources */,
				F4CFC60507DDD9A28BB3A290 /* VoiceInputOverlay.swift in Sources */,
				C56C44C474AE54A74ABA7B8A /* VoiceOverlay.swift in Sources */,
				BA7C772CD053F7037EBC8C66 /* VoiceTextField.swift in Sources */,
				0240378661E6E627F4ACE2A6 /* VoiceWaveformView.swift in Sources */,
				C96C67876E3AF2FE73991335 /* WatchConnectivityHandler.swift in Sources */,
				BC6A773A5C604513D795054C /* WaterEntry.swift in Sources */,
				9C4448ED5B07045CB5D322A0 /* WaterTrackingCard.swift in Sources */,
				455B1CECB901B34C48FC149C /* WelcomeView.swift in Sources */,
				30B2CDF647E811FB7C5739B1 /* WhisperKitAdapter.swift in Sources */,
				065EFDEFF367930BEA757F5B /* WhisperTranscriptionService.swift in Sources */,
				881914D28C3DCB773782EFB0 /* WorkoutDetailSheet.swift in Sources */,
				37B3E4E38CADE1E41FC3FD37 /* YouView.swift in Sources */,
			);
			runOnlyForDeploymentPostprocessing = 0;
		};
		E14A8B7D7E281BC8CC08D0CB /* Sources */ = {
			isa = PBXSourcesBuildPhase;
			buildActionMask = 2147483647;
			files = (
				233BB2CFCFF73FA1C7CDF8FC /* AirFitWatchComplicationsBundle.swift in Sources */,
				863703DD5D89B729157D81A5 /* HRRComplication.swift in Sources */,
				FD84BA47A09768C683F55EDC /* MacroComplication.swift in Sources */,
				655F41AF201957A89020A737 /* ReadinessComplication.swift in Sources */,
				FE874D5831AE987042A1F6B7 /* SharedDataStore.swift in Sources */,
				82A2B2AEA80EB9D33B583CB2 /* VolumeComplication.swift in Sources */,
			);
			runOnlyForDeploymentPostprocessing = 0;
		};
/* End PBXSourcesBuildPhase section */

/* Begin PBXTargetDependency section */
		58AF4E3EEEAFCF59BF257133 /* PBXTargetDependency */ = {
			isa = PBXTargetDependency;
			target = 3931A9F418E835F2FA67594B /* AirFitWatchComplications */;
			targetProxy = 24C6AA0D6BAD29DD0102D55E /* PBXContainerItemProxy */;
		};
		80C0376F49E389F3437C521D /* PBXTargetDependency */ = {
			isa = PBXTargetDependency;
			target = A7EF7FFCFA9AD728BB8E121A /* AirFitWatch */;
			targetProxy = 43FED5FF2F8F7C85CDAF93E5 /* PBXContainerItemProxy */;
		};
/* End PBXTargetDependency section */

/* Begin XCBuildConfiguration section */
		0FCF1B23D945E894595DF0DA /* Release */ = {
			isa = XCBuildConfiguration;
			buildSettings = {
				ASSETCATALOG_COMPILER_APPICON_NAME = AppIcon;
				ASSETCATALOG_COMPILER_GLOBAL_ACCENT_COLOR_NAME = AccentColor;
				CODE_SIGN_ENTITLEMENTS = AirFit/AirFit.entitlements;
				CODE_SIGN_IDENTITY = "iPhone Developer";
				CODE_SIGN_STYLE = Automatic;
				DEVELOPMENT_TEAM = 2H43Q8Y3CR;
				INFOPLIST_FILE = AirFit/Info.plist;
				LD_RUNPATH_SEARCH_PATHS = (
					"$(inherited)",
					"@executable_path/Frameworks",
				);
				PRODUCT_BUNDLE_IDENTIFIER = com.airfit.app;
				SDKROOT = iphoneos;
				TARGETED_DEVICE_FAMILY = 1;
			};
			name = Release;
		};
		1D71CD6D821D6C6626D4289D /* Release */ = {
			isa = XCBuildConfiguration;
			buildSettings = {
				ALWAYS_SEARCH_USER_PATHS = NO;
				CLANG_ANALYZER_NONNULL = YES;
				CLANG_ANALYZER_NUMBER_OBJECT_CONVERSION = YES_AGGRESSIVE;
				CLANG_CXX_LANGUAGE_STANDARD = "gnu++14";
				CLANG_CXX_LIBRARY = "libc++";
				CLANG_ENABLE_MODULES = YES;
				CLANG_ENABLE_OBJC_ARC = YES;
				CLANG_ENABLE_OBJC_WEAK = YES;
				CLANG_WARN_BLOCK_CAPTURE_AUTORELEASING = YES;
				CLANG_WARN_BOOL_CONVERSION = YES;
				CLANG_WARN_COMMA = YES;
				CLANG_WARN_CONSTANT_CONVERSION = YES;
				CLANG_WARN_DEPRECATED_OBJC_IMPLEMENTATIONS = YES;
				CLANG_WARN_DIRECT_OBJC_ISA_USAGE = YES_ERROR;
				CLANG_WARN_DOCUMENTATION_COMMENTS = YES;
				CLANG_WARN_EMPTY_BODY = YES;
				CLANG_WARN_ENUM_CONVERSION = YES;
				CLANG_WARN_INFINITE_RECURSION = YES;
				CLANG_WARN_INT_CONVERSION = YES;
				CLANG_WARN_NON_LITERAL_NULL_CONVERSION = YES;
				CLANG_WARN_OBJC_IMPLICIT_RETAIN_SELF = YES;
				CLANG_WARN_OBJC_LITERAL_CONVERSION = YES;
				CLANG_WARN_OBJC_ROOT_CLASS = YES_ERROR;
				CLANG_WARN_QUOTED_INCLUDE_IN_FRAMEWORK_HEADER = YES;
				CLANG_WARN_RANGE_LOOP_ANALYSIS = YES;
				CLANG_WARN_STRICT_PROTOTYPES = YES;
				CLANG_WARN_SUSPICIOUS_MOVE = YES;
				CLANG_WARN_UNGUARDED_AVAILABILITY = YES_AGGRESSIVE;
				CLANG_WARN_UNREACHABLE_CODE = YES;
				CLANG_WARN__DUPLICATE_METHOD_MATCH = YES;
				COPY_PHASE_STRIP = NO;
				DEAD_CODE_STRIPPING = YES;
				DEBUG_INFORMATION_FORMAT = "dwarf-with-dsym";
				ENABLE_NS_ASSERTIONS = NO;
				ENABLE_STRICT_CONCURRENCY = YES;
				ENABLE_STRICT_OBJC_MSGSEND = YES;
				GCC_C_LANGUAGE_STANDARD = gnu11;
				GCC_NO_COMMON_BLOCKS = YES;
				GCC_WARN_64_TO_32_BIT_CONVERSION = YES;
				GCC_WARN_ABOUT_RETURN_TYPE = YES_ERROR;
				GCC_WARN_UNDECLARED_SELECTOR = YES;
				GCC_WARN_UNINITIALIZED_AUTOS = YES_AGGRESSIVE;
				GCC_WARN_UNUSED_FUNCTION = YES;
				GCC_WARN_UNUSED_VARIABLE = YES;
				IPHONEOS_DEPLOYMENT_TARGET = 26.0;
				MTL_ENABLE_DEBUG_INFO = NO;
				MTL_FAST_MATH = YES;
				PRODUCT_NAME = "$(TARGET_NAME)";
				SWIFT_COMPILATION_MODE = wholemodule;
				SWIFT_OPTIMIZATION_LEVEL = "-O";
				SWIFT_STRICT_CONCURRENCY = complete;
				SWIFT_VERSION = 6.0;
				WATCHOS_DEPLOYMENT_TARGET = 26.0;
			};
			name = Release;
		};
		1D951A1A2B6DDEDAA6CCC38E /* Release */ = {
			isa = XCBuildConfiguration;
			buildSettings = {
				ALWAYS_EMBED_SWIFT_STANDARD_LIBRARIES = YES;
				ASSETCATALOG_COMPILER_APPICON_NAME = AppIcon;
				ASSETCATALOG_COMPILER_GLOBAL_ACCENT_COLOR_NAME = AccentColor;
				CODE_SIGN_ENTITLEMENTS = AirFitWatch/AirFitWatch.entitlements;
				CODE_SIGN_STYLE = Automatic;
				DEVELOPMENT_TEAM = 2H43Q8Y3CR;
				INFOPLIST_FILE = AirFitWatch/Info.plist;
				PRODUCT_BUNDLE_IDENTIFIER = com.airfit.app.watchkitapp;
				SDKROOT = watchos;
				SKIP_INSTALL = NO;
				TARGETED_DEVICE_FAMILY = 4;
				WATCHOS_DEPLOYMENT_TARGET = 26.0;
			};
			name = Release;
		};
		216BB225B96815B9DAC7438B /* Release */ = {
			isa = XCBuildConfiguration;
			buildSettings = {
				CODE_SIGN_ENTITLEMENTS = AirFitWatchComplications/AirFitWatchComplications.entitlements;
				CODE_SIGN_STYLE = Automatic;
				DEVELOPMENT_TEAM = 2H43Q8Y3CR;
				INFOPLIST_FILE = AirFitWatchComplications/Info.plist;
				LD_RUNPATH_SEARCH_PATHS = "$(inherited) @executable_path/Frameworks @executable_path/../../Frameworks";
				PRODUCT_BUNDLE_IDENTIFIER = com.airfit.app.watchkitapp.complications;
				SDKROOT = watchos;
				SKIP_INSTALL = YES;
				TARGETED_DEVICE_FAMILY = 4;
				WATCHOS_DEPLOYMENT_TARGET = 26.0;
			};
			name = Release;
		};
		3EC0DB27FC4002E33FFA7629 /* Debug */ = {
			isa = XCBuildConfiguration;
			buildSettings = {
				CODE_SIGN_ENTITLEMENTS = AirFitWatchComplications/AirFitWatchComplications.entitlements;
				CODE_SIGN_STYLE = Automatic;
				DEVELOPMENT_TEAM = 2H43Q8Y3CR;
				INFOPLIST_FILE = AirFitWatchComplications/Info.plist;
				LD_RUNPATH_SEARCH_PATHS = "$(inherited) @executable_path/Frameworks @executable_path/../../Frameworks";
				PRODUCT_BUNDLE_IDENTIFIER = com.airfit.app.watchkitapp.complications;
				SDKROOT = watchos;
				SKIP_INSTALL = YES;
				TARGETED_DEVICE_FAMILY = 4;
				WATCHOS_DEPLOYMENT_TARGET = 26.0;
			};
			name = Debug;
		};
		60F973F73B8D48A1E495B42A /* Debug */ = {
			isa = XCBuildConfiguration;
			buildSettings = {
				ALWAYS_EMBED_SWIFT_STANDARD_LIBRARIES = YES;
				ASSETCATALOG_COMPILER_APPICON_NAME = AppIcon;
				ASSETCATALOG_COMPILER_GLOBAL_ACCENT_COLOR_NAME = AccentColor;
				CODE_SIGN_ENTITLEMENTS = AirFitWatch/AirFitWatch.entitlements;
				CODE_SIGN_STYLE = Automatic;
				DEVELOPMENT_TEAM = 2H43Q8Y3CR;
				INFOPLIST_FILE = AirFitWatch/Info.plist;
				PRODUCT_BUNDLE_IDENTIFIER = com.airfit.app.watchkitapp;
				SDKROOT = watchos;
				SKIP_INSTALL = NO;
				TARGETED_DEVICE_FAMILY = 4;
				WATCHOS_DEPLOYMENT_TARGET = 26.0;
			};
			name = Debug;
		};
		A169A66BC5588FF738EE1DF1 /* Debug */ = {
			isa = XCBuildConfiguration;
			buildSettings = {
				ALWAYS_SEARCH_USER_PATHS = NO;
				CLANG_ANALYZER_NONNULL = YES;
				CLANG_ANALYZER_NUMBER_OBJECT_CONVERSION = YES_AGGRESSIVE;
				CLANG_CXX_LANGUAGE_STANDARD = "gnu++14";
				CLANG_CXX_LIBRARY = "libc++";
				CLANG_ENABLE_MODULES = YES;
				CLANG_ENABLE_OBJC_ARC = YES;
				CLANG_ENABLE_OBJC_WEAK = YES;
				CLANG_WARN_BLOCK_CAPTURE_AUTORELEASING = YES;
				CLANG_WARN_BOOL_CONVERSION = YES;
				CLANG_WARN_COMMA = YES;
				CLANG_WARN_CONSTANT_CONVERSION = YES;
				CLANG_WARN_DEPRECATED_OBJC_IMPLEMENTATIONS = YES;
				CLANG_WARN_DIRECT_OBJC_ISA_USAGE = YES_ERROR;
				CLANG_WARN_DOCUMENTATION_COMMENTS = YES;
				CLANG_WARN_EMPTY_BODY = YES;
				CLANG_WARN_ENUM_CONVERSION = YES;
				CLANG_WARN_INFINITE_RECURSION = YES;
				CLANG_WARN_INT_CONVERSION = YES;
				CLANG_WARN_NON_LITERAL_NULL_CONVERSION = YES;
				CLANG_WARN_OBJC_IMPLICIT_RETAIN_SELF = YES;
				CLANG_WARN_OBJC_LITERAL_CONVERSION = YES;
				CLANG_WARN_OBJC_ROOT_CLASS = YES_ERROR;
				CLANG_WARN_QUOTED_INCLUDE_IN_FRAMEWORK_HEADER = YES;
				CLANG_WARN_RANGE_LOOP_ANALYSIS = YES;
				CLANG_WARN_STRICT_PROTOTYPES = YES;
				CLANG_WARN_SUSPICIOUS_MOVE = YES;
				CLANG_WARN_UNGUARDED_AVAILABILITY = YES_AGGRESSIVE;
				CLANG_WARN_UNREACHABLE_CODE = YES;
				CLANG_WARN__DUPLICATE_METHOD_MATCH = YES;
				COPY_PHASE_STRIP = NO;
				DEAD_CODE_STRIPPING = YES;
				DEBUG_INFORMATION_FORMAT = dwarf;
				ENABLE_STRICT_CONCURRENCY = YES;
				ENABLE_STRICT_OBJC_MSGSEND = YES;
				ENABLE_TESTABILITY = YES;
				GCC_C_LANGUAGE_STANDARD = gnu11;
				GCC_DYNAMIC_NO_PIC = NO;
				GCC_NO_COMMON_BLOCKS = YES;
				GCC_OPTIMIZATION_LEVEL = 0;
				GCC_PREPROCESSOR_DEFINITIONS = (
					"$(inherited)",
					"DEBUG=1",
				);
				GCC_WARN_64_TO_32_BIT_CONVERSION = YES;
				GCC_WARN_ABOUT_RETURN_TYPE = YES_ERROR;
				GCC_WARN_UNDECLARED_SELECTOR = YES;
				GCC_WARN_UNINITIALIZED_AUTOS = YES_AGGRESSIVE;
				GCC_WARN_UNUSED_FUNCTION = YES;
				GCC_WARN_UNUSED_VARIABLE = YES;
				IPHONEOS_DEPLOYMENT_TARGET = 26.0;
				MTL_ENABLE_DEBUG_INFO = INCLUDE_SOURCE;
				MTL_FAST_MATH = YES;
				ONLY_ACTIVE_ARCH = YES;
				PRODUCT_NAME = "$(TARGET_NAME)";
				SWIFT_ACTIVE_COMPILATION_CONDITIONS = DEBUG;
				SWIFT_OPTIMIZATION_LEVEL = "-Onone";
				SWIFT_STRICT_CONCURRENCY = complete;
				SWIFT_VERSION = 6.0;
				WATCHOS_DEPLOYMENT_TARGET = 26.0;
			};
			name = Debug;
		};
		BEFD4C267D3271432D02C57B /* Debug */ = {
			isa = XCBuildConfiguration;
			buildSettings = {
				ASSETCATALOG_COMPILER_APPICON_NAME = AppIcon;
				ASSETCATALOG_COMPILER_GLOBAL_ACCENT_COLOR_NAME = AccentColor;
				CODE_SIGN_ENTITLEMENTS = AirFit/AirFit.entitlements;
				CODE_SIGN_IDENTITY = "iPhone Developer";
				CODE_SIGN_STYLE = Automatic;
				DEVELOPMENT_TEAM = 2H43Q8Y3CR;
				INFOPLIST_FILE = AirFit/Info.plist;
				LD_RUNPATH_SEARCH_PATHS = (
					"$(inherited)",
					"@executable_path/Frameworks",
				);
				PRODUCT_BUNDLE_IDENTIFIER = com.airfit.app;
				SDKROOT = iphoneos;
				TARGETED_DEVICE_FAMILY = 1;
			};
			name = Debug;
		};
/* End XCBuildConfiguration section */

/* Begin XCConfigurationList section */
		01A6493076FDAFAF6F47D5CB /* Build configuration list for PBXNativeTarget "AirFitWatchComplications" */ = {
			isa = XCConfigurationList;
			buildConfigurations = (
				3EC0DB27FC4002E33FFA7629 /* Debug */,
				216BB225B96815B9DAC7438B /* Release */,
			);
			defaultConfigurationIsVisible = 0;
			defaultConfigurationName = Debug;
		};
		0CAF143C94D8CC3670077696 /* Build configuration list for PBXProject "AirFit" */ = {
			isa = XCConfigurationList;
			buildConfigurations = (
				A169A66BC5588FF738EE1DF1 /* Debug */,
				1D71CD6D821D6C6626D4289D /* Release */,
			);
			defaultConfigurationIsVisible = 0;
			defaultConfigurationName = Debug;
		};
		95D3EA832D0BA2FCA48B725C /* Build configuration list for PBXNativeTarget "AirFitWatch" */ = {
			isa = XCConfigurationList;
			buildConfigurations = (
				60F973F73B8D48A1E495B42A /* Debug */,
				1D951A1A2B6DDEDAA6CCC38E /* Release */,
			);
			defaultConfigurationIsVisible = 0;
			defaultConfigurationName = Debug;
		};
		B21A214DF8B8953D2E964C3C /* Build configuration list for PBXNativeTarget "AirFit" */ = {
			isa = XCConfigurationList;
			buildConfigurations = (
				BEFD4C267D3271432D02C57B /* Debug */,
				0FCF1B23D945E894595DF0DA /* Release */,
			);
			defaultConfigurationIsVisible = 0;
			defaultConfigurationName = Debug;
		};
/* End XCConfigurationList section */

/* Begin XCRemoteSwiftPackageReference section */
		3341A2A81E6197C41AD9FF54 /* XCRemoteSwiftPackageReference "WhisperKit" */ = {
			isa = XCRemoteSwiftPackageReference;
			repositoryURL = "https://github.com/argmaxinc/WhisperKit.git";
			requirement = {
				kind = upToNextMajorVersion;
				minimumVersion = 0.9.0;
			};
		};
/* End XCRemoteSwiftPackageReference section */

/* Begin XCSwiftPackageProductDependency section */
		CF7514A2CFD66EB6C9EE9518 /* WhisperKit */ = {
			isa = XCSwiftPackageProductDependency;
			package = 3341A2A81E6197C41AD9FF54 /* XCRemoteSwiftPackageReference "WhisperKit" */;
			productName = WhisperKit;
		};
/* End XCSwiftPackageProductDependency section */
	};
	rootObject = 4DE6950C247E7BED46A7B7FC /* Project object */;
}
